// !$*UTF8*$!
{
	archiveVersion = 1;
	classes = {
	};
	objectVersion = 46;
	objects = {

/* Begin PBXBuildFile section */
		AB4A2E391B38F7050023F291 /* AppDelegate.swift in Sources */ = {isa = PBXBuildFile; fileRef = AB4A2E381B38F7050023F291 /* AppDelegate.swift */; };
		AB4A2E3E1B38F7050023F291 /* Main.storyboard in Resources */ = {isa = PBXBuildFile; fileRef = AB4A2E3C1B38F7050023F291 /* Main.storyboard */; };
		AB4A2E411B38F7050023F291 /* Airspeed_iOS.xcdatamodeld in Sources */ = {isa = PBXBuildFile; fileRef = AB4A2E3F1B38F7050023F291 /* Airspeed_iOS.xcdatamodeld */; };
		AB4A2E431B38F7050023F291 /* Assets.xcassets in Resources */ = {isa = PBXBuildFile; fileRef = AB4A2E421B38F7050023F291 /* Assets.xcassets */; };
		AB4A2E461B38F7050023F291 /* LaunchScreen.storyboard in Resources */ = {isa = PBXBuildFile; fileRef = AB4A2E441B38F7050023F291 /* LaunchScreen.storyboard */; };
		AB4A2E531B392DC30023F291 /* YXL_Storyboard.storyboard in Resources */ = {isa = PBXBuildFile; fileRef = AB4A2E521B392DC30023F291 /* YXL_Storyboard.storyboard */; };
		AB4A2E571B392EC40023F291 /* MainViewController.swift in Sources */ = {isa = PBXBuildFile; fileRef = AB4A2E561B392EC40023F291 /* MainViewController.swift */; };
		AB4A63C81B8605020040DEEA /* YXL_InforMationViewController.swift in Sources */ = {isa = PBXBuildFile; fileRef = AB4A63C71B8605020040DEEA /* YXL_InforMationViewController.swift */; };
		AB536FCB1B6F003D004B75B8 /* MenuCellList.swift in Sources */ = {isa = PBXBuildFile; fileRef = AB536FCA1B6F003D004B75B8 /* MenuCellList.swift */; };
		AB7A1FB41B706CAE00D77160 /* MJRefreshAutoFooter.m in Sources */ = {isa = PBXBuildFile; fileRef = AB7A1F8A1B706CAE00D77160 /* MJRefreshAutoFooter.m */; };
		AB7A1FB51B706CAE00D77160 /* MJRefreshBackFooter.m in Sources */ = {isa = PBXBuildFile; fileRef = AB7A1F8C1B706CAE00D77160 /* MJRefreshBackFooter.m */; };
		AB7A1FB61B706CAE00D77160 /* MJRefreshComponent.m in Sources */ = {isa = PBXBuildFile; fileRef = AB7A1F8E1B706CAE00D77160 /* MJRefreshComponent.m */; };
		AB7A1FB71B706CAE00D77160 /* MJRefreshFooter.m in Sources */ = {isa = PBXBuildFile; fileRef = AB7A1F901B706CAE00D77160 /* MJRefreshFooter.m */; };
		AB7A1FB81B706CAE00D77160 /* MJRefreshHeader.m in Sources */ = {isa = PBXBuildFile; fileRef = AB7A1F921B706CAE00D77160 /* MJRefreshHeader.m */; };
		AB7A1FB91B706CAE00D77160 /* MJRefreshAutoGifFooter.m in Sources */ = {isa = PBXBuildFile; fileRef = AB7A1F971B706CAE00D77160 /* MJRefreshAutoGifFooter.m */; };
		AB7A1FBA1B706CAE00D77160 /* MJRefreshAutoNormalFooter.m in Sources */ = {isa = PBXBuildFile; fileRef = AB7A1F991B706CAE00D77160 /* MJRefreshAutoNormalFooter.m */; };
		AB7A1FBB1B706CAE00D77160 /* MJRefreshAutoStateFooter.m in Sources */ = {isa = PBXBuildFile; fileRef = AB7A1F9B1B706CAE00D77160 /* MJRefreshAutoStateFooter.m */; };
		AB7A1FBC1B706CAE00D77160 /* MJRefreshBackGifFooter.m in Sources */ = {isa = PBXBuildFile; fileRef = AB7A1F9E1B706CAE00D77160 /* MJRefreshBackGifFooter.m */; };
		AB7A1FBD1B706CAE00D77160 /* MJRefreshBackNormalFooter.m in Sources */ = {isa = PBXBuildFile; fileRef = AB7A1FA01B706CAE00D77160 /* MJRefreshBackNormalFooter.m */; };
		AB7A1FBE1B706CAE00D77160 /* MJRefreshBackStateFooter.m in Sources */ = {isa = PBXBuildFile; fileRef = AB7A1FA21B706CAE00D77160 /* MJRefreshBackStateFooter.m */; };
		AB7A1FBF1B706CAE00D77160 /* MJRefreshGifHeader.m in Sources */ = {isa = PBXBuildFile; fileRef = AB7A1FA51B706CAE00D77160 /* MJRefreshGifHeader.m */; };
		AB7A1FC01B706CAE00D77160 /* MJRefreshNormalHeader.m in Sources */ = {isa = PBXBuildFile; fileRef = AB7A1FA71B706CAE00D77160 /* MJRefreshNormalHeader.m */; };
		AB7A1FC11B706CAE00D77160 /* MJRefreshStateHeader.m in Sources */ = {isa = PBXBuildFile; fileRef = AB7A1FA91B706CAE00D77160 /* MJRefreshStateHeader.m */; };
		AB7A1FC21B706CAE00D77160 /* MJRefresh.bundle in Resources */ = {isa = PBXBuildFile; fileRef = AB7A1FAA1B706CAE00D77160 /* MJRefresh.bundle */; };
		AB7A1FC31B706CAE00D77160 /* MJRefreshConst.m in Sources */ = {isa = PBXBuildFile; fileRef = AB7A1FAD1B706CAE00D77160 /* MJRefreshConst.m */; };
		AB7A1FC41B706CAE00D77160 /* UIScrollView+MJExtension.m in Sources */ = {isa = PBXBuildFile; fileRef = AB7A1FAF1B706CAE00D77160 /* UIScrollView+MJExtension.m */; };
		AB7A1FC51B706CAE00D77160 /* UIScrollView+MJRefresh.m in Sources */ = {isa = PBXBuildFile; fileRef = AB7A1FB11B706CAE00D77160 /* UIScrollView+MJRefresh.m */; };
		AB7A1FC61B706CAE00D77160 /* UIView+MJExtension.m in Sources */ = {isa = PBXBuildFile; fileRef = AB7A1FB31B706CAE00D77160 /* UIView+MJExtension.m */; };
		AB7C476F1B75D69900AF2077 /* SwiftNotice.swift in Sources */ = {isa = PBXBuildFile; fileRef = AB7C476E1B75D69900AF2077 /* SwiftNotice.swift */; };
		AB8008CD1B7F021B0038BF89 /* YXL_ItemTableViewController.swift in Sources */ = {isa = PBXBuildFile; fileRef = AB8008CC1B7F021B0038BF89 /* YXL_ItemTableViewController.swift */; };
		AB8008CF1B7F03590038BF89 /* YXL2_Storyboard.storyboard in Resources */ = {isa = PBXBuildFile; fileRef = AB8008CE1B7F03590038BF89 /* YXL2_Storyboard.storyboard */; };
		ABA2CE6E1B71F5FE00D2C4A4 /* ArticInformation.swift in Sources */ = {isa = PBXBuildFile; fileRef = ABA2CE6D1B71F5FE00D2C4A4 /* ArticInformation.swift */; };
		ABA2CE711B72070900D2C4A4 /* HttpCollectionData.swift in Sources */ = {isa = PBXBuildFile; fileRef = ABA2CE701B72070900D2C4A4 /* HttpCollectionData.swift */; };
		ABA2CEC81B7218B100D2C4A4 /* MenuTableViewCell.swift in Sources */ = {isa = PBXBuildFile; fileRef = ABA2CEC71B7218B100D2C4A4 /* MenuTableViewCell.swift */; };
		ABA2CECA1B7218C700D2C4A4 /* MenuTableViewController.swift in Sources */ = {isa = PBXBuildFile; fileRef = ABA2CEC91B7218C700D2C4A4 /* MenuTableViewController.swift */; };
		ABA2CECE1B721FA700D2C4A4 /* ENSideMenu.swift in Sources */ = {isa = PBXBuildFile; fileRef = ABA2CECC1B721FA700D2C4A4 /* ENSideMenu.swift */; };
		ABA2CECF1B721FA700D2C4A4 /* ENSideMenuNavigationController.swift in Sources */ = {isa = PBXBuildFile; fileRef = ABA2CECD1B721FA700D2C4A4 /* ENSideMenuNavigationController.swift */; };
		ABA2CED11B72203C00D2C4A4 /* MyNavigationViewController.swift in Sources */ = {isa = PBXBuildFile; fileRef = ABA2CED01B72203C00D2C4A4 /* MyNavigationViewController.swift */; };
		ABA2CED51B72274A00D2C4A4 /* MyMenuTableViewController.swift in Sources */ = {isa = PBXBuildFile; fileRef = ABA2CED41B72274A00D2C4A4 /* MyMenuTableViewController.swift */; };
		ABE387F81B7320BB0028557E /* SwiftyJSON.swift in Sources */ = {isa = PBXBuildFile; fileRef = ABE387F71B7320BB0028557E /* SwiftyJSON.swift */; };
		ABE387FA1B7336EC0028557E /* ItemDetails.swift in Sources */ = {isa = PBXBuildFile; fileRef = ABE387F91B7336EC0028557E /* ItemDetails.swift */; };
		CA4E2FA61B85C286004706A1 /* ItemExtension.swift in Sources */ = {isa = PBXBuildFile; fileRef = CA4E2FA51B85C286004706A1 /* ItemExtension.swift */; };
		CA64D0541B744D0600E6786B /* rj_gnsjViewController.swift in Sources */ = {isa = PBXBuildFile; fileRef = CA64D0531B744D0600E6786B /* rj_gnsjViewController.swift */; };
		CABCABF21B71B5C400000E02 /* rj_Storyboard.storyboard in Resources */ = {isa = PBXBuildFile; fileRef = CABCABF11B71B5C400000E02 /* rj_Storyboard.storyboard */; };
		CABCABFC1B71BA3F00000E02 /* Test1_ViewController.swift in Sources */ = {isa = PBXBuildFile; fileRef = CABCABFB1B71BA3F00000E02 /* Test1_ViewController.swift */; };
		CABCAC0E1B720E2000000E02 /* Test2_ViewController.swift in Sources */ = {isa = PBXBuildFile; fileRef = CABCAC0D1B720E2000000E02 /* Test2_ViewController.swift */; };
		CAC7722F1B7093FB00AF9009 /* RJ_SJViewController.swift in Sources */ = {isa = PBXBuildFile; fileRef = CAC7722E1B7093FB00AF9009 /* RJ_SJViewController.swift */; };
		CAC7727A1B709B8700AF9009 /* XLScrollViewer.m in Sources */ = {isa = PBXBuildFile; fileRef = CAC772791B709B8700AF9009 /* XLScrollViewer.m */; };
		CAC8ECB11B887DB100C2B183 /* UIImage+JYExtention.m in Sources */ = {isa = PBXBuildFile; fileRef = CAC8ECB01B887DB100C2B183 /* UIImage+JYExtention.m */; };
		CAC8ECC81B8C75DC00C2B183 /* ScrollViewController.swift in Sources */ = {isa = PBXBuildFile; fileRef = CAC8ECC71B8C75DC00C2B183 /* ScrollViewController.swift */; };
		CACADEDF1B887426006BA7A5 /* RjTableViewCell.swift in Sources */ = {isa = PBXBuildFile; fileRef = CACADEDD1B887426006BA7A5 /* RjTableViewCell.swift */; };
		CACADEE01B887426006BA7A5 /* RjTableViewCell.xib in Resources */ = {isa = PBXBuildFile; fileRef = CACADEDE1B887426006BA7A5 /* RjTableViewCell.xib */; };
		CB4219021B8D64DD00AEFCCF /* WZ_StoryBoard.storyboard in Resources */ = {isa = PBXBuildFile; fileRef = CB4219011B8D64DD00AEFCCF /* WZ_StoryBoard.storyboard */; };
		CB4219091B8D64F700AEFCCF /* WZ_auctionViewController.swift in Sources */ = {isa = PBXBuildFile; fileRef = CB4219031B8D64F700AEFCCF /* WZ_auctionViewController.swift */; };
		CB42190A1B8D64F700AEFCCF /* WZ_myRentViewController.swift in Sources */ = {isa = PBXBuildFile; fileRef = CB4219041B8D64F700AEFCCF /* WZ_myRentViewController.swift */; };
		CB42190B1B8D64F700AEFCCF /* WZ_myWalletViewController.swift in Sources */ = {isa = PBXBuildFile; fileRef = CB4219051B8D64F700AEFCCF /* WZ_myWalletViewController.swift */; };
		CB42190C1B8D64F700AEFCCF /* WZ_onSaleViewController.swift in Sources */ = {isa = PBXBuildFile; fileRef = CB4219061B8D64F700AEFCCF /* WZ_onSaleViewController.swift */; };
		CB42190D1B8D64F700AEFCCF /* WZ_UserInfoEditTableViewController.swift in Sources */ = {isa = PBXBuildFile; fileRef = CB4219071B8D64F700AEFCCF /* WZ_UserInfoEditTableViewController.swift */; };
		CB42190E1B8D64F700AEFCCF /* WZ_UserInformationViewController.swift .swift in Sources */ = {isa = PBXBuildFile; fileRef = CB4219081B8D64F700AEFCCF /* WZ_UserInformationViewController.swift .swift */; };
		CB4219111B8D650C00AEFCCF /* background.jpg in Resources */ = {isa = PBXBuildFile; fileRef = CB42190F1B8D650C00AEFCCF /* background.jpg */; };
		CB4219121B8D650C00AEFCCF /* icon.jpg in Resources */ = {isa = PBXBuildFile; fileRef = CB4219101B8D650C00AEFCCF /* icon.jpg */; };
		CBDAD5021B8D6EDD0096797D /* WZ_onSaleTableViewCell.swift in Sources */ = {isa = PBXBuildFile; fileRef = CBDAD5001B8D6EDD0096797D /* WZ_onSaleTableViewCell.swift */; };
		CBDAD5031B8D6EDD0096797D /* WZ_onSaleTableViewCell.xib in Resources */ = {isa = PBXBuildFile; fileRef = CBDAD5011B8D6EDD0096797D /* WZ_onSaleTableViewCell.xib */; };
/* End PBXBuildFile section */

/* Begin PBXContainerItemProxy section */
		AB326A9A1B88CBCB00934007 /* PBXContainerItemProxy */ = {
			isa = PBXContainerItemProxy;
			containerPortal = AB326A941B88CBCB00934007 /* PitayaExample.xcodeproj */;
			proxyType = 2;
			remoteGlobalIDString = 46C7CABC1B04AA4000CC3B70;
			remoteInfo = PitayaExample;
		};
		AB326A9C1B88CBCB00934007 /* PBXContainerItemProxy */ = {
			isa = PBXContainerItemProxy;
			containerPortal = AB326A941B88CBCB00934007 /* PitayaExample.xcodeproj */;
			proxyType = 2;
			remoteGlobalIDString = 46C7CAD11B04AA4000CC3B70;
			remoteInfo = PitayaExampleTests;
		};
/* End PBXContainerItemProxy section */

/* Begin PBXCopyFilesBuildPhase section */
		AB326AA51B88D09F00934007 /* Embed Frameworks */ = {
			isa = PBXCopyFilesBuildPhase;
			buildActionMask = 2147483647;
			dstPath = "";
			dstSubfolderSpec = 10;
			files = (
			);
			name = "Embed Frameworks";
			runOnlyForDeploymentPostprocessing = 0;
		};
/* End PBXCopyFilesBuildPhase section */

/* Begin PBXFileReference section */
		AB326A941B88CBCB00934007 /* PitayaExample.xcodeproj */ = {isa = PBXFileReference; lastKnownFileType = "wrapper.pb-project"; name = PitayaExample.xcodeproj; path = "Pitaya-master/PitayaExample.xcodeproj"; sourceTree = "<group>"; };
		AB4A2E351B38F7050023F291 /* SherryDo.app */ = {isa = PBXFileReference; explicitFileType = wrapper.application; includeInIndex = 0; path = SherryDo.app; sourceTree = BUILT_PRODUCTS_DIR; };
		AB4A2E381B38F7050023F291 /* AppDelegate.swift */ = {isa = PBXFileReference; lastKnownFileType = sourcecode.swift; path = AppDelegate.swift; sourceTree = "<group>"; };
		AB4A2E3D1B38F7050023F291 /* Base */ = {isa = PBXFileReference; lastKnownFileType = file.storyboard; name = Base; path = Base.lproj/Main.storyboard; sourceTree = "<group>"; };
		AB4A2E401B38F7050023F291 /* Airspeed_iOS.xcdatamodel */ = {isa = PBXFileReference; lastKnownFileType = wrapper.xcdatamodel; path = Airspeed_iOS.xcdatamodel; sourceTree = "<group>"; };
		AB4A2E421B38F7050023F291 /* Assets.xcassets */ = {isa = PBXFileReference; lastKnownFileType = folder.assetcatalog; path = Assets.xcassets; sourceTree = "<group>"; };
		AB4A2E451B38F7050023F291 /* Base */ = {isa = PBXFileReference; lastKnownFileType = file.storyboard; name = Base; path = Base.lproj/LaunchScreen.storyboard; sourceTree = "<group>"; };
		AB4A2E471B38F7050023F291 /* Info.plist */ = {isa = PBXFileReference; lastKnownFileType = text.plist.xml; path = Info.plist; sourceTree = "<group>"; };
		AB4A2E521B392DC30023F291 /* YXL_Storyboard.storyboard */ = {isa = PBXFileReference; fileEncoding = 4; lastKnownFileType = file.storyboard; path = YXL_Storyboard.storyboard; sourceTree = "<group>"; };
		AB4A2E561B392EC40023F291 /* MainViewController.swift */ = {isa = PBXFileReference; fileEncoding = 4; lastKnownFileType = sourcecode.swift; path = MainViewController.swift; sourceTree = "<group>"; };
		AB4A63C71B8605020040DEEA /* YXL_InforMationViewController.swift */ = {isa = PBXFileReference; fileEncoding = 4; lastKnownFileType = sourcecode.swift; path = YXL_InforMationViewController.swift; sourceTree = "<group>"; };
		AB536FCA1B6F003D004B75B8 /* MenuCellList.swift */ = {isa = PBXFileReference; fileEncoding = 4; lastKnownFileType = sourcecode.swift; path = MenuCellList.swift; sourceTree = "<group>"; };
		AB536FDC1B6F5195004B75B8 /* Airspeed_iOS-Bridging-Header.h */ = {isa = PBXFileReference; lastKnownFileType = sourcecode.c.h; path = "Airspeed_iOS-Bridging-Header.h"; sourceTree = "<group>"; };
		AB7A1F891B706CAE00D77160 /* MJRefreshAutoFooter.h */ = {isa = PBXFileReference; fileEncoding = 4; lastKnownFileType = sourcecode.c.h; path = MJRefreshAutoFooter.h; sourceTree = "<group>"; };
		AB7A1F8A1B706CAE00D77160 /* MJRefreshAutoFooter.m */ = {isa = PBXFileReference; fileEncoding = 4; lastKnownFileType = sourcecode.c.objc; path = MJRefreshAutoFooter.m; sourceTree = "<group>"; };
		AB7A1F8B1B706CAE00D77160 /* MJRefreshBackFooter.h */ = {isa = PBXFileReference; fileEncoding = 4; lastKnownFileType = sourcecode.c.h; path = MJRefreshBackFooter.h; sourceTree = "<group>"; };
		AB7A1F8C1B706CAE00D77160 /* MJRefreshBackFooter.m */ = {isa = PBXFileReference; fileEncoding = 4; lastKnownFileType = sourcecode.c.objc; path = MJRefreshBackFooter.m; sourceTree = "<group>"; };
		AB7A1F8D1B706CAE00D77160 /* MJRefreshComponent.h */ = {isa = PBXFileReference; fileEncoding = 4; lastKnownFileType = sourcecode.c.h; path = MJRefreshComponent.h; sourceTree = "<group>"; };
		AB7A1F8E1B706CAE00D77160 /* MJRefreshComponent.m */ = {isa = PBXFileReference; fileEncoding = 4; lastKnownFileType = sourcecode.c.objc; path = MJRefreshComponent.m; sourceTree = "<group>"; };
		AB7A1F8F1B706CAE00D77160 /* MJRefreshFooter.h */ = {isa = PBXFileReference; fileEncoding = 4; lastKnownFileType = sourcecode.c.h; path = MJRefreshFooter.h; sourceTree = "<group>"; };
		AB7A1F901B706CAE00D77160 /* MJRefreshFooter.m */ = {isa = PBXFileReference; fileEncoding = 4; lastKnownFileType = sourcecode.c.objc; path = MJRefreshFooter.m; sourceTree = "<group>"; };
		AB7A1F911B706CAE00D77160 /* MJRefreshHeader.h */ = {isa = PBXFileReference; fileEncoding = 4; lastKnownFileType = sourcecode.c.h; path = MJRefreshHeader.h; sourceTree = "<group>"; };
		AB7A1F921B706CAE00D77160 /* MJRefreshHeader.m */ = {isa = PBXFileReference; fileEncoding = 4; lastKnownFileType = sourcecode.c.objc; path = MJRefreshHeader.m; sourceTree = "<group>"; };
		AB7A1F961B706CAE00D77160 /* MJRefreshAutoGifFooter.h */ = {isa = PBXFileReference; fileEncoding = 4; lastKnownFileType = sourcecode.c.h; path = MJRefreshAutoGifFooter.h; sourceTree = "<group>"; };
		AB7A1F971B706CAE00D77160 /* MJRefreshAutoGifFooter.m */ = {isa = PBXFileReference; fileEncoding = 4; lastKnownFileType = sourcecode.c.objc; path = MJRefreshAutoGifFooter.m; sourceTree = "<group>"; };
		AB7A1F981B706CAE00D77160 /* MJRefreshAutoNormalFooter.h */ = {isa = PBXFileReference; fileEncoding = 4; lastKnownFileType = sourcecode.c.h; path = MJRefreshAutoNormalFooter.h; sourceTree = "<group>"; };
		AB7A1F991B706CAE00D77160 /* MJRefreshAutoNormalFooter.m */ = {isa = PBXFileReference; fileEncoding = 4; lastKnownFileType = sourcecode.c.objc; path = MJRefreshAutoNormalFooter.m; sourceTree = "<group>"; };
		AB7A1F9A1B706CAE00D77160 /* MJRefreshAutoStateFooter.h */ = {isa = PBXFileReference; fileEncoding = 4; lastKnownFileType = sourcecode.c.h; path = MJRefreshAutoStateFooter.h; sourceTree = "<group>"; };
		AB7A1F9B1B706CAE00D77160 /* MJRefreshAutoStateFooter.m */ = {isa = PBXFileReference; fileEncoding = 4; lastKnownFileType = sourcecode.c.objc; path = MJRefreshAutoStateFooter.m; sourceTree = "<group>"; };
		AB7A1F9D1B706CAE00D77160 /* MJRefreshBackGifFooter.h */ = {isa = PBXFileReference; fileEncoding = 4; lastKnownFileType = sourcecode.c.h; path = MJRefreshBackGifFooter.h; sourceTree = "<group>"; };
		AB7A1F9E1B706CAE00D77160 /* MJRefreshBackGifFooter.m */ = {isa = PBXFileReference; fileEncoding = 4; lastKnownFileType = sourcecode.c.objc; path = MJRefreshBackGifFooter.m; sourceTree = "<group>"; };
		AB7A1F9F1B706CAE00D77160 /* MJRefreshBackNormalFooter.h */ = {isa = PBXFileReference; fileEncoding = 4; lastKnownFileType = sourcecode.c.h; path = MJRefreshBackNormalFooter.h; sourceTree = "<group>"; };
		AB7A1FA01B706CAE00D77160 /* MJRefreshBackNormalFooter.m */ = {isa = PBXFileReference; fileEncoding = 4; lastKnownFileType = sourcecode.c.objc; path = MJRefreshBackNormalFooter.m; sourceTree = "<group>"; };
		AB7A1FA11B706CAE00D77160 /* MJRefreshBackStateFooter.h */ = {isa = PBXFileReference; fileEncoding = 4; lastKnownFileType = sourcecode.c.h; path = MJRefreshBackStateFooter.h; sourceTree = "<group>"; };
		AB7A1FA21B706CAE00D77160 /* MJRefreshBackStateFooter.m */ = {isa = PBXFileReference; fileEncoding = 4; lastKnownFileType = sourcecode.c.objc; path = MJRefreshBackStateFooter.m; sourceTree = "<group>"; };
		AB7A1FA41B706CAE00D77160 /* MJRefreshGifHeader.h */ = {isa = PBXFileReference; fileEncoding = 4; lastKnownFileType = sourcecode.c.h; path = MJRefreshGifHeader.h; sourceTree = "<group>"; };
		AB7A1FA51B706CAE00D77160 /* MJRefreshGifHeader.m */ = {isa = PBXFileReference; fileEncoding = 4; lastKnownFileType = sourcecode.c.objc; path = MJRefreshGifHeader.m; sourceTree = "<group>"; };
		AB7A1FA61B706CAE00D77160 /* MJRefreshNormalHeader.h */ = {isa = PBXFileReference; fileEncoding = 4; lastKnownFileType = sourcecode.c.h; path = MJRefreshNormalHeader.h; sourceTree = "<group>"; };
		AB7A1FA71B706CAE00D77160 /* MJRefreshNormalHeader.m */ = {isa = PBXFileReference; fileEncoding = 4; lastKnownFileType = sourcecode.c.objc; path = MJRefreshNormalHeader.m; sourceTree = "<group>"; };
		AB7A1FA81B706CAE00D77160 /* MJRefreshStateHeader.h */ = {isa = PBXFileReference; fileEncoding = 4; lastKnownFileType = sourcecode.c.h; path = MJRefreshStateHeader.h; sourceTree = "<group>"; };
		AB7A1FA91B706CAE00D77160 /* MJRefreshStateHeader.m */ = {isa = PBXFileReference; fileEncoding = 4; lastKnownFileType = sourcecode.c.objc; path = MJRefreshStateHeader.m; sourceTree = "<group>"; };
		AB7A1FAA1B706CAE00D77160 /* MJRefresh.bundle */ = {isa = PBXFileReference; lastKnownFileType = "wrapper.plug-in"; path = MJRefresh.bundle; sourceTree = "<group>"; };
		AB7A1FAB1B706CAE00D77160 /* MJRefresh.h */ = {isa = PBXFileReference; fileEncoding = 4; lastKnownFileType = sourcecode.c.h; path = MJRefresh.h; sourceTree = "<group>"; };
		AB7A1FAC1B706CAE00D77160 /* MJRefreshConst.h */ = {isa = PBXFileReference; fileEncoding = 4; lastKnownFileType = sourcecode.c.h; path = MJRefreshConst.h; sourceTree = "<group>"; };
		AB7A1FAD1B706CAE00D77160 /* MJRefreshConst.m */ = {isa = PBXFileReference; fileEncoding = 4; lastKnownFileType = sourcecode.c.objc; path = MJRefreshConst.m; sourceTree = "<group>"; };
		AB7A1FAE1B706CAE00D77160 /* UIScrollView+MJExtension.h */ = {isa = PBXFileReference; fileEncoding = 4; lastKnownFileType = sourcecode.c.h; path = "UIScrollView+MJExtension.h"; sourceTree = "<group>"; };
		AB7A1FAF1B706CAE00D77160 /* UIScrollView+MJExtension.m */ = {isa = PBXFileReference; fileEncoding = 4; lastKnownFileType = sourcecode.c.objc; path = "UIScrollView+MJExtension.m"; sourceTree = "<group>"; };
		AB7A1FB01B706CAE00D77160 /* UIScrollView+MJRefresh.h */ = {isa = PBXFileReference; fileEncoding = 4; lastKnownFileType = sourcecode.c.h; path = "UIScrollView+MJRefresh.h"; sourceTree = "<group>"; };
		AB7A1FB11B706CAE00D77160 /* UIScrollView+MJRefresh.m */ = {isa = PBXFileReference; fileEncoding = 4; lastKnownFileType = sourcecode.c.objc; path = "UIScrollView+MJRefresh.m"; sourceTree = "<group>"; };
		AB7A1FB21B706CAE00D77160 /* UIView+MJExtension.h */ = {isa = PBXFileReference; fileEncoding = 4; lastKnownFileType = sourcecode.c.h; path = "UIView+MJExtension.h"; sourceTree = "<group>"; };
		AB7A1FB31B706CAE00D77160 /* UIView+MJExtension.m */ = {isa = PBXFileReference; fileEncoding = 4; lastKnownFileType = sourcecode.c.objc; path = "UIView+MJExtension.m"; sourceTree = "<group>"; };
		AB7C476E1B75D69900AF2077 /* SwiftNotice.swift */ = {isa = PBXFileReference; fileEncoding = 4; lastKnownFileType = sourcecode.swift; path = SwiftNotice.swift; sourceTree = "<group>"; };
		AB8008CC1B7F021B0038BF89 /* YXL_ItemTableViewController.swift */ = {isa = PBXFileReference; fileEncoding = 4; lastKnownFileType = sourcecode.swift; path = YXL_ItemTableViewController.swift; sourceTree = "<group>"; };
		AB8008CE1B7F03590038BF89 /* YXL2_Storyboard.storyboard */ = {isa = PBXFileReference; fileEncoding = 4; lastKnownFileType = file.storyboard; path = YXL2_Storyboard.storyboard; sourceTree = "<group>"; };
		ABA2CE6D1B71F5FE00D2C4A4 /* ArticInformation.swift */ = {isa = PBXFileReference; fileEncoding = 4; lastKnownFileType = sourcecode.swift; path = ArticInformation.swift; sourceTree = "<group>"; };
		ABA2CE701B72070900D2C4A4 /* HttpCollectionData.swift */ = {isa = PBXFileReference; fileEncoding = 4; lastKnownFileType = sourcecode.swift; path = HttpCollectionData.swift; sourceTree = "<group>"; };
		ABA2CEC71B7218B100D2C4A4 /* MenuTableViewCell.swift */ = {isa = PBXFileReference; fileEncoding = 4; lastKnownFileType = sourcecode.swift; path = MenuTableViewCell.swift; sourceTree = "<group>"; };
		ABA2CEC91B7218C700D2C4A4 /* MenuTableViewController.swift */ = {isa = PBXFileReference; fileEncoding = 4; lastKnownFileType = sourcecode.swift; path = MenuTableViewController.swift; sourceTree = "<group>"; };
		ABA2CECC1B721FA700D2C4A4 /* ENSideMenu.swift */ = {isa = PBXFileReference; fileEncoding = 4; lastKnownFileType = sourcecode.swift; path = ENSideMenu.swift; sourceTree = "<group>"; };
		ABA2CECD1B721FA700D2C4A4 /* ENSideMenuNavigationController.swift */ = {isa = PBXFileReference; fileEncoding = 4; lastKnownFileType = sourcecode.swift; path = ENSideMenuNavigationController.swift; sourceTree = "<group>"; };
		ABA2CED01B72203C00D2C4A4 /* MyNavigationViewController.swift */ = {isa = PBXFileReference; fileEncoding = 4; lastKnownFileType = sourcecode.swift; path = MyNavigationViewController.swift; sourceTree = "<group>"; };
		ABA2CED41B72274A00D2C4A4 /* MyMenuTableViewController.swift */ = {isa = PBXFileReference; fileEncoding = 4; lastKnownFileType = sourcecode.swift; path = MyMenuTableViewController.swift; sourceTree = "<group>"; };
		ABE387F71B7320BB0028557E /* SwiftyJSON.swift */ = {isa = PBXFileReference; fileEncoding = 4; lastKnownFileType = sourcecode.swift; name = SwiftyJSON.swift; path = xiaolei/SwiftyJSON.swift; sourceTree = "<group>"; };
		ABE387F91B7336EC0028557E /* ItemDetails.swift */ = {isa = PBXFileReference; fileEncoding = 4; lastKnownFileType = sourcecode.swift; path = ItemDetails.swift; sourceTree = "<group>"; };
		CA4E2FA51B85C286004706A1 /* ItemExtension.swift */ = {isa = PBXFileReference; fileEncoding = 4; lastKnownFileType = sourcecode.swift; path = ItemExtension.swift; sourceTree = "<group>"; };
		CA64D0531B744D0600E6786B /* rj_gnsjViewController.swift */ = {isa = PBXFileReference; fileEncoding = 4; lastKnownFileType = sourcecode.swift; path = rj_gnsjViewController.swift; sourceTree = "<group>"; };
		CABCABF11B71B5C400000E02 /* rj_Storyboard.storyboard */ = {isa = PBXFileReference; fileEncoding = 4; lastKnownFileType = file.storyboard; path = rj_Storyboard.storyboard; sourceTree = "<group>"; };
		CABCABFB1B71BA3F00000E02 /* Test1_ViewController.swift */ = {isa = PBXFileReference; fileEncoding = 4; lastKnownFileType = sourcecode.swift; path = Test1_ViewController.swift; sourceTree = "<group>"; };
		CABCAC0D1B720E2000000E02 /* Test2_ViewController.swift */ = {isa = PBXFileReference; fileEncoding = 4; lastKnownFileType = sourcecode.swift; path = Test2_ViewController.swift; sourceTree = "<group>"; };
		CAC7722E1B7093FB00AF9009 /* RJ_SJViewController.swift */ = {isa = PBXFileReference; fileEncoding = 4; lastKnownFileType = sourcecode.swift; path = RJ_SJViewController.swift; sourceTree = "<group>"; };
		CAC772781B709B8700AF9009 /* XLScrollViewer.h */ = {isa = PBXFileReference; fileEncoding = 4; lastKnownFileType = sourcecode.c.h; path = XLScrollViewer.h; sourceTree = "<group>"; };
		CAC772791B709B8700AF9009 /* XLScrollViewer.m */ = {isa = PBXFileReference; fileEncoding = 4; lastKnownFileType = sourcecode.c.objc; path = XLScrollViewer.m; sourceTree = "<group>"; };
		CAC8ECAF1B887DB100C2B183 /* UIImage+JYExtention.h */ = {isa = PBXFileReference; fileEncoding = 4; lastKnownFileType = sourcecode.c.h; path = "UIImage+JYExtention.h"; sourceTree = "<group>"; };
		CAC8ECB01B887DB100C2B183 /* UIImage+JYExtention.m */ = {isa = PBXFileReference; fileEncoding = 4; lastKnownFileType = sourcecode.c.objc; path = "UIImage+JYExtention.m"; sourceTree = "<group>"; };
		CAC8ECC71B8C75DC00C2B183 /* ScrollViewController.swift */ = {isa = PBXFileReference; fileEncoding = 4; lastKnownFileType = sourcecode.swift; name = ScrollViewController.swift; path = Airspeed_iOS/renjie/ScrollViewController.swift; sourceTree = SOURCE_ROOT; };
		CACADEDD1B887426006BA7A5 /* RjTableViewCell.swift */ = {isa = PBXFileReference; fileEncoding = 4; lastKnownFileType = sourcecode.swift; path = RjTableViewCell.swift; sourceTree = "<group>"; };
		CACADEDE1B887426006BA7A5 /* RjTableViewCell.xib */ = {isa = PBXFileReference; fileEncoding = 4; lastKnownFileType = file.xib; path = RjTableViewCell.xib; sourceTree = "<group>"; };
		CB4219011B8D64DD00AEFCCF /* WZ_StoryBoard.storyboard */ = {isa = PBXFileReference; fileEncoding = 4; lastKnownFileType = file.storyboard; name = WZ_StoryBoard.storyboard; path = Airspeed_iOS/wangzhuo/WZ_StoryBoard.storyboard; sourceTree = SOURCE_ROOT; };
		CB4219031B8D64F700AEFCCF /* WZ_auctionViewController.swift */ = {isa = PBXFileReference; fileEncoding = 4; lastKnownFileType = sourcecode.swift; name = WZ_auctionViewController.swift; path = Airspeed_iOS/wangzhuo/WZ_auctionViewController.swift; sourceTree = SOURCE_ROOT; };
		CB4219041B8D64F700AEFCCF /* WZ_myRentViewController.swift */ = {isa = PBXFileReference; fileEncoding = 4; lastKnownFileType = sourcecode.swift; name = WZ_myRentViewController.swift; path = Airspeed_iOS/wangzhuo/WZ_myRentViewController.swift; sourceTree = SOURCE_ROOT; };
		CB4219051B8D64F700AEFCCF /* WZ_myWalletViewController.swift */ = {isa = PBXFileReference; fileEncoding = 4; lastKnownFileType = sourcecode.swift; name = WZ_myWalletViewController.swift; path = Airspeed_iOS/wangzhuo/WZ_myWalletViewController.swift; sourceTree = SOURCE_ROOT; };
		CB4219061B8D64F700AEFCCF /* WZ_onSaleViewController.swift */ = {isa = PBXFileReference; fileEncoding = 4; lastKnownFileType = sourcecode.swift; name = WZ_onSaleViewController.swift; path = Airspeed_iOS/wangzhuo/WZ_onSaleViewController.swift; sourceTree = SOURCE_ROOT; };
		CB4219071B8D64F700AEFCCF /* WZ_UserInfoEditTableViewController.swift */ = {isa = PBXFileReference; fileEncoding = 4; lastKnownFileType = sourcecode.swift; name = WZ_UserInfoEditTableViewController.swift; path = Airspeed_iOS/wangzhuo/WZ_UserInfoEditTableViewController.swift; sourceTree = SOURCE_ROOT; };
		CB4219081B8D64F700AEFCCF /* WZ_UserInformationViewController.swift .swift */ = {isa = PBXFileReference; fileEncoding = 4; lastKnownFileType = sourcecode.swift; name = "WZ_UserInformationViewController.swift .swift"; path = "Airspeed_iOS/wangzhuo/WZ_UserInformationViewController.swift .swift"; sourceTree = SOURCE_ROOT; };
		CB42190F1B8D650C00AEFCCF /* background.jpg */ = {isa = PBXFileReference; lastKnownFileType = image.jpeg; name = background.jpg; path = Airspeed_iOS/wangzhuo/background.jpg; sourceTree = SOURCE_ROOT; };
		CB4219101B8D650C00AEFCCF /* icon.jpg */ = {isa = PBXFileReference; lastKnownFileType = image.jpeg; name = icon.jpg; path = Airspeed_iOS/wangzhuo/icon.jpg; sourceTree = SOURCE_ROOT; };
		CBDAD5001B8D6EDD0096797D /* WZ_onSaleTableViewCell.swift */ = {isa = PBXFileReference; fileEncoding = 4; lastKnownFileType = sourcecode.swift; name = WZ_onSaleTableViewCell.swift; path = Airspeed_iOS/wangzhuo/WZ_onSaleTableViewCell.swift; sourceTree = SOURCE_ROOT; };
		CBDAD5011B8D6EDD0096797D /* WZ_onSaleTableViewCell.xib */ = {isa = PBXFileReference; fileEncoding = 4; lastKnownFileType = file.xib; name = WZ_onSaleTableViewCell.xib; path = Airspeed_iOS/wangzhuo/WZ_onSaleTableViewCell.xib; sourceTree = SOURCE_ROOT; };
/* End PBXFileReference section */

/* Begin PBXFrameworksBuildPhase section */
		AB4A2E321B38F7050023F291 /* Frameworks */ = {
			isa = PBXFrameworksBuildPhase;
			buildActionMask = 2147483647;
			files = (
			);
			runOnlyForDeploymentPostprocessing = 0;
		};
/* End PBXFrameworksBuildPhase section */

/* Begin PBXGroup section */
		AB326A951B88CBCB00934007 /* Products */ = {
			isa = PBXGroup;
			children = (
				AB326A9B1B88CBCB00934007 /* PitayaExample.app */,
				AB326A9D1B88CBCB00934007 /* PitayaExampleTests.xctest */,
			);
			name = Products;
			sourceTree = "<group>";
		};
		AB4A2E2C1B38F7050023F291 = {
			isa = PBXGroup;
			children = (
				AB326A941B88CBCB00934007 /* PitayaExample.xcodeproj */,
				AB4A2E371B38F7050023F291 /* Airspeed_iOS */,
				AB4A2E361B38F7050023F291 /* Products */,
			);
			sourceTree = "<group>";
		};
		AB4A2E361B38F7050023F291 /* Products */ = {
			isa = PBXGroup;
			children = (
				AB4A2E351B38F7050023F291 /* SherryDo.app */,
			);
			name = Products;
			sourceTree = "<group>";
		};
		AB4A2E371B38F7050023F291 /* Airspeed_iOS */ = {
			isa = PBXGroup;
			children = (
				AB4A2E511B392D790023F291 /* common */,
				AB4A2E501B392D510023F291 /* Data */,
				CAC8ECC61B8C737300C2B183 /* Welcome */,
				CBF07FA31B76F86F008BA69F /* wangzhuo */,
				AB4A2E4D1B392D340023F291 /* renjie */,
				AB4A2E4F1B392D340023F291 /* xiaolei */,
			);
			path = Airspeed_iOS;
			sourceTree = "<group>";
		};
		AB4A2E4D1B392D340023F291 /* renjie */ = {
			isa = PBXGroup;
			children = (
				CABCABF11B71B5C400000E02 /* rj_Storyboard.storyboard */,
				CA4E2FA41B85C248004706A1 /* Rj_Model */,
				CAC772841B70A4AE00AF9009 /* Controller */,
				CAC772771B709B8700AF9009 /* XLScrollViewer */,
				CAC8ECAE1B887DB100C2B183 /* UIImage+JYExtention */,
			);
			path = renjie;
			sourceTree = "<group>";
		};
		AB4A2E4F1B392D340023F291 /* xiaolei */ = {
			isa = PBXGroup;
			children = (
				ABAD850C1B724B4E0010E923 /* libary */,
				ABA2CED61B72280900D2C4A4 /* view */,
				ABA2CE6F1B72041B00D2C4A4 /* API */,
				AB536FCE1B6F125F004B75B8 /* model */,
				AB536FCD1B6F1248004B75B8 /* controller */,
				AB4A2E521B392DC30023F291 /* YXL_Storyboard.storyboard */,
				AB8008CE1B7F03590038BF89 /* YXL2_Storyboard.storyboard */,
				AB8008CC1B7F021B0038BF89 /* YXL_ItemTableViewController.swift */,
			);
			path = xiaolei;
			sourceTree = "<group>";
		};
		AB4A2E501B392D510023F291 /* Data */ = {
			isa = PBXGroup;
			children = (
				AB4A2E3F1B38F7050023F291 /* Airspeed_iOS.xcdatamodeld */,
			);
			path = Data;
			sourceTree = "<group>";
		};
		AB4A2E511B392D790023F291 /* common */ = {
			isa = PBXGroup;
			children = (
				ABE387F71B7320BB0028557E /* SwiftyJSON.swift */,
				AB4A2E381B38F7050023F291 /* AppDelegate.swift */,
				AB4A2E561B392EC40023F291 /* MainViewController.swift */,
				AB4A2E3C1B38F7050023F291 /* Main.storyboard */,
				AB4A2E421B38F7050023F291 /* Assets.xcassets */,
				AB4A2E441B38F7050023F291 /* LaunchScreen.storyboard */,
				AB4A2E471B38F7050023F291 /* Info.plist */,
				AB536FDC1B6F5195004B75B8 /* Airspeed_iOS-Bridging-Header.h */,
			);
			name = common;
			sourceTree = "<group>";
		};
		AB536FCD1B6F1248004B75B8 /* controller */ = {
			isa = PBXGroup;
			children = (
				ABA2CEC91B7218C700D2C4A4 /* MenuTableViewController.swift */,
				AB4A63C71B8605020040DEEA /* YXL_InforMationViewController.swift */,
			);
			name = controller;
			sourceTree = "<group>";
		};
		AB536FCE1B6F125F004B75B8 /* model */ = {
			isa = PBXGroup;
			children = (
				AB536FCA1B6F003D004B75B8 /* MenuCellList.swift */,
				ABA2CE6D1B71F5FE00D2C4A4 /* ArticInformation.swift */,
				ABE387F91B7336EC0028557E /* ItemDetails.swift */,
			);
			name = model;
			sourceTree = "<group>";
		};
		AB7A1F871B706CAE00D77160 /* MJRefresh */ = {
			isa = PBXGroup;
			children = (
				AB7A1F881B706CAE00D77160 /* Base */,
				AB7A1F931B706CAE00D77160 /* Custom */,
				AB7A1FAA1B706CAE00D77160 /* MJRefresh.bundle */,
				AB7A1FAB1B706CAE00D77160 /* MJRefresh.h */,
				AB7A1FAC1B706CAE00D77160 /* MJRefreshConst.h */,
				AB7A1FAD1B706CAE00D77160 /* MJRefreshConst.m */,
				AB7A1FAE1B706CAE00D77160 /* UIScrollView+MJExtension.h */,
				AB7A1FAF1B706CAE00D77160 /* UIScrollView+MJExtension.m */,
				AB7A1FB01B706CAE00D77160 /* UIScrollView+MJRefresh.h */,
				AB7A1FB11B706CAE00D77160 /* UIScrollView+MJRefresh.m */,
				AB7A1FB21B706CAE00D77160 /* UIView+MJExtension.h */,
				AB7A1FB31B706CAE00D77160 /* UIView+MJExtension.m */,
			);
			name = MJRefresh;
			path = ../MJRefresh;
			sourceTree = "<group>";
		};
		AB7A1F881B706CAE00D77160 /* Base */ = {
			isa = PBXGroup;
			children = (
				AB7A1F891B706CAE00D77160 /* MJRefreshAutoFooter.h */,
				AB7A1F8A1B706CAE00D77160 /* MJRefreshAutoFooter.m */,
				AB7A1F8B1B706CAE00D77160 /* MJRefreshBackFooter.h */,
				AB7A1F8C1B706CAE00D77160 /* MJRefreshBackFooter.m */,
				AB7A1F8D1B706CAE00D77160 /* MJRefreshComponent.h */,
				AB7A1F8E1B706CAE00D77160 /* MJRefreshComponent.m */,
				AB7A1F8F1B706CAE00D77160 /* MJRefreshFooter.h */,
				AB7A1F901B706CAE00D77160 /* MJRefreshFooter.m */,
				AB7A1F911B706CAE00D77160 /* MJRefreshHeader.h */,
				AB7A1F921B706CAE00D77160 /* MJRefreshHeader.m */,
			);
			path = Base;
			sourceTree = "<group>";
		};
		AB7A1F931B706CAE00D77160 /* Custom */ = {
			isa = PBXGroup;
			children = (
				AB7A1F941B706CAE00D77160 /* Footer */,
				AB7A1FA31B706CAE00D77160 /* Header */,
			);
			path = Custom;
			sourceTree = "<group>";
		};
		AB7A1F941B706CAE00D77160 /* Footer */ = {
			isa = PBXGroup;
			children = (
				AB7A1F951B706CAE00D77160 /* Auto */,
				AB7A1F9C1B706CAE00D77160 /* Back */,
			);
			path = Footer;
			sourceTree = "<group>";
		};
		AB7A1F951B706CAE00D77160 /* Auto */ = {
			isa = PBXGroup;
			children = (
				AB7A1F961B706CAE00D77160 /* MJRefreshAutoGifFooter.h */,
				AB7A1F971B706CAE00D77160 /* MJRefreshAutoGifFooter.m */,
				AB7A1F981B706CAE00D77160 /* MJRefreshAutoNormalFooter.h */,
				AB7A1F991B706CAE00D77160 /* MJRefreshAutoNormalFooter.m */,
				AB7A1F9A1B706CAE00D77160 /* MJRefreshAutoStateFooter.h */,
				AB7A1F9B1B706CAE00D77160 /* MJRefreshAutoStateFooter.m */,
			);
			path = Auto;
			sourceTree = "<group>";
		};
		AB7A1F9C1B706CAE00D77160 /* Back */ = {
			isa = PBXGroup;
			children = (
				AB7A1F9D1B706CAE00D77160 /* MJRefreshBackGifFooter.h */,
				AB7A1F9E1B706CAE00D77160 /* MJRefreshBackGifFooter.m */,
				AB7A1F9F1B706CAE00D77160 /* MJRefreshBackNormalFooter.h */,
				AB7A1FA01B706CAE00D77160 /* MJRefreshBackNormalFooter.m */,
				AB7A1FA11B706CAE00D77160 /* MJRefreshBackStateFooter.h */,
				AB7A1FA21B706CAE00D77160 /* MJRefreshBackStateFooter.m */,
			);
			path = Back;
			sourceTree = "<group>";
		};
		AB7A1FA31B706CAE00D77160 /* Header */ = {
			isa = PBXGroup;
			children = (
				AB7A1FA41B706CAE00D77160 /* MJRefreshGifHeader.h */,
				AB7A1FA51B706CAE00D77160 /* MJRefreshGifHeader.m */,
				AB7A1FA61B706CAE00D77160 /* MJRefreshNormalHeader.h */,
				AB7A1FA71B706CAE00D77160 /* MJRefreshNormalHeader.m */,
				AB7A1FA81B706CAE00D77160 /* MJRefreshStateHeader.h */,
				AB7A1FA91B706CAE00D77160 /* MJRefreshStateHeader.m */,
			);
			path = Header;
			sourceTree = "<group>";
		};
		ABA2CE6F1B72041B00D2C4A4 /* API */ = {
			isa = PBXGroup;
			children = (
				ABA2CE701B72070900D2C4A4 /* HttpCollectionData.swift */,
			);
			name = API;
			sourceTree = "<group>";
		};
		ABA2CED61B72280900D2C4A4 /* view */ = {
			isa = PBXGroup;
			children = (
				ABA2CED71B722DA200D2C4A4 /* menu */,
				ABA2CEC71B7218B100D2C4A4 /* MenuTableViewCell.swift */,
			);
			name = view;
			sourceTree = "<group>";
		};
		ABA2CED71B722DA200D2C4A4 /* menu */ = {
			isa = PBXGroup;
			children = (
				ABA2CED41B72274A00D2C4A4 /* MyMenuTableViewController.swift */,
				ABA2CED01B72203C00D2C4A4 /* MyNavigationViewController.swift */,
			);
			name = menu;
			sourceTree = "<group>";
		};
		ABAD850C1B724B4E0010E923 /* libary */ = {
			isa = PBXGroup;
			children = (
				AB7C476E1B75D69900AF2077 /* SwiftNotice.swift */,
				ABAD850D1B724B5F0010E923 /* sideMenu */,
				AB7A1F871B706CAE00D77160 /* MJRefresh */,
			);
			name = libary;
			sourceTree = "<group>";
		};
		ABAD850D1B724B5F0010E923 /* sideMenu */ = {
			isa = PBXGroup;
			children = (
				ABA2CECD1B721FA700D2C4A4 /* ENSideMenuNavigationController.swift */,
				ABA2CECC1B721FA700D2C4A4 /* ENSideMenu.swift */,
			);
			name = sideMenu;
			sourceTree = "<group>";
		};
		CA4E2FA41B85C248004706A1 /* Rj_Model */ = {
			isa = PBXGroup;
			children = (
				CA4E2FA51B85C286004706A1 /* ItemExtension.swift */,
			);
			name = Rj_Model;
			sourceTree = "<group>";
		};
		CAC772771B709B8700AF9009 /* XLScrollViewer */ = {
			isa = PBXGroup;
			children = (
				CAC772781B709B8700AF9009 /* XLScrollViewer.h */,
				CAC772791B709B8700AF9009 /* XLScrollViewer.m */,
			);
			name = XLScrollViewer;
			path = ../XLScrollViewer;
			sourceTree = "<group>";
		};
		CAC772841B70A4AE00AF9009 /* Controller */ = {
			isa = PBXGroup;
			children = (
				CAC7722E1B7093FB00AF9009 /* RJ_SJViewController.swift */,
				CABCAC0D1B720E2000000E02 /* Test2_ViewController.swift */,
				CABCABFB1B71BA3F00000E02 /* Test1_ViewController.swift */,
				CACADEDD1B887426006BA7A5 /* RjTableViewCell.swift */,
				CACADEDE1B887426006BA7A5 /* RjTableViewCell.xib */,
				CA64D0531B744D0600E6786B /* rj_gnsjViewController.swift */,
			);
			name = Controller;
			sourceTree = "<group>";
		};
		CAC8ECAE1B887DB100C2B183 /* UIImage+JYExtention */ = {
			isa = PBXGroup;
			children = (
				CAC8ECAF1B887DB100C2B183 /* UIImage+JYExtention.h */,
				CAC8ECB01B887DB100C2B183 /* UIImage+JYExtention.m */,
			);
			name = "UIImage+JYExtention";
			path = "../XLScrollViewer/UIImage+JYExtention";
			sourceTree = "<group>";
		};
		CAC8ECC61B8C737300C2B183 /* Welcome */ = {
			isa = PBXGroup;
			children = (
				CAC8ECC71B8C75DC00C2B183 /* ScrollViewController.swift */,
			);
			name = Welcome;
			path = Data;
			sourceTree = "<group>";
		};
		CB4219171B8D677E00AEFCCF /* 我的拍卖 */ = {
			isa = PBXGroup;
			children = (
				CB4219031B8D64F700AEFCCF /* WZ_auctionViewController.swift */,
			);
			name = "我的拍卖";
			sourceTree = "<group>";
		};
		CB4219181B8D679800AEFCCF /* 我的租赁 */ = {
			isa = PBXGroup;
			children = (
				CB4219041B8D64F700AEFCCF /* WZ_myRentViewController.swift */,
			);
			name = "我的租赁";
			sourceTree = "<group>";
		};
		CB4219191B8D67B500AEFCCF /* 我的钱包 */ = {
			isa = PBXGroup;
			children = (
				CB4219051B8D64F700AEFCCF /* WZ_myWalletViewController.swift */,
			);
			name = "我的钱包";
			sourceTree = "<group>";
		};
		CB42191A1B8D67C500AEFCCF /* 我的上架 */ = {
			isa = PBXGroup;
			children = (
				CB4219061B8D64F700AEFCCF /* WZ_onSaleViewController.swift */,
				CBDAD5001B8D6EDD0096797D /* WZ_onSaleTableViewCell.swift */,
				CBDAD5011B8D6EDD0096797D /* WZ_onSaleTableViewCell.xib */,
			);
			name = "我的上架";
			sourceTree = "<group>";
		};
		CBECF9291B76F950002DCD6E /* testFiles */ = {
			isa = PBXGroup;
			children = (
				CB42190F1B8D650C00AEFCCF /* background.jpg */,
				CB4219101B8D650C00AEFCCF /* icon.jpg */,
			);
			name = testFiles;
			sourceTree = "<group>";
		};
		CBECF92A1B76F967002DCD6E /* ViewController */ = {
			isa = PBXGroup;
			children = (
				CB4219081B8D64F700AEFCCF /* WZ_UserInformationViewController.swift .swift */,
				CB4219071B8D64F700AEFCCF /* WZ_UserInfoEditTableViewController.swift */,
				CB42191A1B8D67C500AEFCCF /* 我的上架 */,
				CB4219181B8D679800AEFCCF /* 我的租赁 */,
				CB4219171B8D677E00AEFCCF /* 我的拍卖 */,
				CB4219191B8D67B500AEFCCF /* 我的钱包 */,
			);
			name = ViewController;
			sourceTree = "<group>";
		};
		CBF07FA31B76F86F008BA69F /* wangzhuo */ = {
			isa = PBXGroup;
			children = (
				CB4219011B8D64DD00AEFCCF /* WZ_StoryBoard.storyboard */,
				CBECF92A1B76F967002DCD6E /* ViewController */,
				CBECF9291B76F950002DCD6E /* testFiles */,
			);
			path = wangzhuo;
			sourceTree = SOURCE_ROOT;
		};
/* End PBXGroup section */

/* Begin PBXNativeTarget section */
		AB4A2E341B38F7050023F291 /* Airspeed_iOS */ = {
			isa = PBXNativeTarget;
			buildConfigurationList = AB4A2E4A1B38F7050023F291 /* Build configuration list for PBXNativeTarget "Airspeed_iOS" */;
			buildPhases = (
				AB4A2E311B38F7050023F291 /* Sources */,
				AB4A2E321B38F7050023F291 /* Frameworks */,
				AB4A2E331B38F7050023F291 /* Resources */,
				AB326AA51B88D09F00934007 /* Embed Frameworks */,
			);
			buildRules = (
			);
			dependencies = (
			);
			name = Airspeed_iOS;
			productName = Airspeed_iOS;
			productReference = AB4A2E351B38F7050023F291 /* SherryDo.app */;
			productType = "com.apple.product-type.application";
		};
/* End PBXNativeTarget section */

/* Begin PBXProject section */
		AB4A2E2D1B38F7050023F291 /* Project object */ = {
			isa = PBXProject;
			attributes = {
				LastSwiftUpdateCheck = 0700;
				LastUpgradeCheck = 0700;
				ORGANIZATIONNAME = SherryTeam;
				TargetAttributes = {
					AB4A2E341B38F7050023F291 = {
						CreatedOnToolsVersion = 7.0;
					};
				};
			};
			buildConfigurationList = AB4A2E301B38F7050023F291 /* Build configuration list for PBXProject "Airspeed_iOS" */;
			compatibilityVersion = "Xcode 3.2";
			developmentRegion = English;
			hasScannedForEncodings = 0;
			knownRegions = (
				en,
				Base,
			);
			mainGroup = AB4A2E2C1B38F7050023F291;
			productRefGroup = AB4A2E361B38F7050023F291 /* Products */;
			projectDirPath = "";
			projectReferences = (
				{
					ProductGroup = AB326A951B88CBCB00934007 /* Products */;
					ProjectRef = AB326A941B88CBCB00934007 /* PitayaExample.xcodeproj */;
				},
			);
			projectRoot = "";
			targets = (
				AB4A2E341B38F7050023F291 /* Airspeed_iOS */,
			);
		};
/* End PBXProject section */

/* Begin PBXReferenceProxy section */
		AB326A9B1B88CBCB00934007 /* PitayaExample.app */ = {
			isa = PBXReferenceProxy;
			fileType = wrapper.application;
			path = PitayaExample.app;
			remoteRef = AB326A9A1B88CBCB00934007 /* PBXContainerItemProxy */;
			sourceTree = BUILT_PRODUCTS_DIR;
		};
		AB326A9D1B88CBCB00934007 /* PitayaExampleTests.xctest */ = {
			isa = PBXReferenceProxy;
			fileType = wrapper.cfbundle;
			path = PitayaExampleTests.xctest;
			remoteRef = AB326A9C1B88CBCB00934007 /* PBXContainerItemProxy */;
			sourceTree = BUILT_PRODUCTS_DIR;
		};
/* End PBXReferenceProxy section */

/* Begin PBXResourcesBuildPhase section */
		AB4A2E331B38F7050023F291 /* Resources */ = {
			isa = PBXResourcesBuildPhase;
			buildActionMask = 2147483647;
			files = (
				AB8008CF1B7F03590038BF89 /* YXL2_Storyboard.storyboard in Resources */,
				CB4219111B8D650C00AEFCCF /* background.jpg in Resources */,
				AB4A2E461B38F7050023F291 /* LaunchScreen.storyboard in Resources */,
				AB4A2E531B392DC30023F291 /* YXL_Storyboard.storyboard in Resources */,
				CACADEE01B887426006BA7A5 /* RjTableViewCell.xib in Resources */,
				CABCABF21B71B5C400000E02 /* rj_Storyboard.storyboard in Resources */,
				CB4219121B8D650C00AEFCCF /* icon.jpg in Resources */,
				AB4A2E431B38F7050023F291 /* Assets.xcassets in Resources */,
				CBDAD5031B8D6EDD0096797D /* WZ_onSaleTableViewCell.xib in Resources */,
				AB4A2E3E1B38F7050023F291 /* Main.storyboard in Resources */,
				CB4219021B8D64DD00AEFCCF /* WZ_StoryBoard.storyboard in Resources */,
				AB7A1FC21B706CAE00D77160 /* MJRefresh.bundle in Resources */,
			);
			runOnlyForDeploymentPostprocessing = 0;
		};
/* End PBXResourcesBuildPhase section */

/* Begin PBXSourcesBuildPhase section */
		AB4A2E311B38F7050023F291 /* Sources */ = {
			isa = PBXSourcesBuildPhase;
			buildActionMask = 2147483647;
			files = (
				ABA2CE6E1B71F5FE00D2C4A4 /* ArticInformation.swift in Sources */,
				CABCABFC1B71BA3F00000E02 /* Test1_ViewController.swift in Sources */,
				CAC7727A1B709B8700AF9009 /* XLScrollViewer.m in Sources */,
				AB7A1FC11B706CAE00D77160 /* MJRefreshStateHeader.m in Sources */,
				CABCAC0E1B720E2000000E02 /* Test2_ViewController.swift in Sources */,
				AB8008CD1B7F021B0038BF89 /* YXL_ItemTableViewController.swift in Sources */,
				CAC7722F1B7093FB00AF9009 /* RJ_SJViewController.swift in Sources */,
				CAC8ECB11B887DB100C2B183 /* UIImage+JYExtention.m in Sources */,
				CB4219091B8D64F700AEFCCF /* WZ_auctionViewController.swift in Sources */,
				CB42190C1B8D64F700AEFCCF /* WZ_onSaleViewController.swift in Sources */,
				ABE387F81B7320BB0028557E /* SwiftyJSON.swift in Sources */,
				AB7A1FC61B706CAE00D77160 /* UIView+MJExtension.m in Sources */,
				CBDAD5021B8D6EDD0096797D /* WZ_onSaleTableViewCell.swift in Sources */,
				ABA2CED11B72203C00D2C4A4 /* MyNavigationViewController.swift in Sources */,
				AB4A2E411B38F7050023F291 /* Airspeed_iOS.xcdatamodeld in Sources */,
				AB536FCB1B6F003D004B75B8 /* MenuCellList.swift in Sources */,
				AB7A1FC51B706CAE00D77160 /* UIScrollView+MJRefresh.m in Sources */,
				ABA2CED51B72274A00D2C4A4 /* MyMenuTableViewController.swift in Sources */,
				AB7A1FBD1B706CAE00D77160 /* MJRefreshBackNormalFooter.m in Sources */,
				CA4E2FA61B85C286004706A1 /* ItemExtension.swift in Sources */,
				AB7A1FC01B706CAE00D77160 /* MJRefreshNormalHeader.m in Sources */,
				AB7A1FBA1B706CAE00D77160 /* MJRefreshAutoNormalFooter.m in Sources */,
				AB7A1FB51B706CAE00D77160 /* MJRefreshBackFooter.m in Sources */,
				AB7A1FBB1B706CAE00D77160 /* MJRefreshAutoStateFooter.m in Sources */,
				CB42190A1B8D64F700AEFCCF /* WZ_myRentViewController.swift in Sources */,
				AB7A1FBF1B706CAE00D77160 /* MJRefreshGifHeader.m in Sources */,
				AB7A1FB91B706CAE00D77160 /* MJRefreshAutoGifFooter.m in Sources */,
				AB7A1FC41B706CAE00D77160 /* UIScrollView+MJExtension.m in Sources */,
				ABA2CECA1B7218C700D2C4A4 /* MenuTableViewController.swift in Sources */,
				ABA2CEC81B7218B100D2C4A4 /* MenuTableViewCell.swift in Sources */,
				ABA2CECE1B721FA700D2C4A4 /* ENSideMenu.swift in Sources */,
				AB7A1FBC1B706CAE00D77160 /* MJRefreshBackGifFooter.m in Sources */,
				AB7A1FB61B706CAE00D77160 /* MJRefreshComponent.m in Sources */,
				AB4A2E391B38F7050023F291 /* AppDelegate.swift in Sources */,
				AB7A1FB81B706CAE00D77160 /* MJRefreshHeader.m in Sources */,
				AB7C476F1B75D69900AF2077 /* SwiftNotice.swift in Sources */,
				ABA2CECF1B721FA700D2C4A4 /* ENSideMenuNavigationController.swift in Sources */,
				AB4A63C81B8605020040DEEA /* YXL_InforMationViewController.swift in Sources */,
				AB4A2E571B392EC40023F291 /* MainViewController.swift in Sources */,
				AB7A1FB41B706CAE00D77160 /* MJRefreshAutoFooter.m in Sources */,
				CB42190E1B8D64F700AEFCCF /* WZ_UserInformationViewController.swift .swift in Sources */,
				CAC8ECC81B8C75DC00C2B183 /* ScrollViewController.swift in Sources */,
				CB42190D1B8D64F700AEFCCF /* WZ_UserInfoEditTableViewController.swift in Sources */,
				AB7A1FB71B706CAE00D77160 /* MJRefreshFooter.m in Sources */,
				CA64D0541B744D0600E6786B /* rj_gnsjViewController.swift in Sources */,
				ABA2CE711B72070900D2C4A4 /* HttpCollectionData.swift in Sources */,
				ABE387FA1B7336EC0028557E /* ItemDetails.swift in Sources */,
				AB7A1FBE1B706CAE00D77160 /* MJRefreshBackStateFooter.m in Sources */,
				CB42190B1B8D64F700AEFCCF /* WZ_myWalletViewController.swift in Sources */,
				AB7A1FC31B706CAE00D77160 /* MJRefreshConst.m in Sources */,
				CACADEDF1B887426006BA7A5 /* RjTableViewCell.swift in Sources */,
			);
			runOnlyForDeploymentPostprocessing = 0;
		};
/* End PBXSourcesBuildPhase section */

/* Begin PBXVariantGroup section */
		AB4A2E3C1B38F7050023F291 /* Main.storyboard */ = {
			isa = PBXVariantGroup;
			children = (
				AB4A2E3D1B38F7050023F291 /* Base */,
			);
			name = Main.storyboard;
			sourceTree = "<group>";
		};
		AB4A2E441B38F7050023F291 /* LaunchScreen.storyboard */ = {
			isa = PBXVariantGroup;
			children = (
				AB4A2E451B38F7050023F291 /* Base */,
			);
			name = LaunchScreen.storyboard;
			sourceTree = "<group>";
		};
/* End PBXVariantGroup section */

/* Begin XCBuildConfiguration section */
		AB4A2E481B38F7050023F291 /* Debug */ = {
			isa = XCBuildConfiguration;
			buildSettings = {
				ALWAYS_SEARCH_USER_PATHS = NO;
				CLANG_CXX_LANGUAGE_STANDARD = "gnu++0x";
				CLANG_CXX_LIBRARY = "libc++";
				CLANG_ENABLE_MODULES = YES;
				CLANG_ENABLE_OBJC_ARC = YES;
				CLANG_WARN_BOOL_CONVERSION = YES;
				CLANG_WARN_CONSTANT_CONVERSION = YES;
				CLANG_WARN_DIRECT_OBJC_ISA_USAGE = YES_ERROR;
				CLANG_WARN_EMPTY_BODY = YES;
				CLANG_WARN_ENUM_CONVERSION = YES;
				CLANG_WARN_INT_CONVERSION = YES;
				CLANG_WARN_OBJC_ROOT_CLASS = YES_ERROR;
				CLANG_WARN_UNREACHABLE_CODE = YES;
				CLANG_WARN__DUPLICATE_METHOD_MATCH = YES;
				"CODE_SIGN_IDENTITY[sdk=iphoneos*]" = "iPhone Developer";
				COPY_PHASE_STRIP = NO;
				DEBUG_INFORMATION_FORMAT = dwarf;
				ENABLE_STRICT_OBJC_MSGSEND = YES;
				ENABLE_TESTABILITY = YES;
				GCC_C_LANGUAGE_STANDARD = gnu99;
				GCC_DYNAMIC_NO_PIC = NO;
				GCC_NO_COMMON_BLOCKS = YES;
				GCC_OPTIMIZATION_LEVEL = 0;
				GCC_PREPROCESSOR_DEFINITIONS = (
					"DEBUG=1",
					"$(inherited)",
				);
				GCC_WARN_64_TO_32_BIT_CONVERSION = YES;
				GCC_WARN_ABOUT_RETURN_TYPE = YES_ERROR;
				GCC_WARN_UNDECLARED_SELECTOR = YES;
				GCC_WARN_UNINITIALIZED_AUTOS = YES_AGGRESSIVE;
				GCC_WARN_UNUSED_FUNCTION = YES;
				GCC_WARN_UNUSED_VARIABLE = YES;
				IPHONEOS_DEPLOYMENT_TARGET = 9.0;
				MTL_ENABLE_DEBUG_INFO = YES;
				ONLY_ACTIVE_ARCH = YES;
				SDKROOT = iphoneos;
				SWIFT_OPTIMIZATION_LEVEL = "-Onone";
			};
			name = Debug;
		};
		AB4A2E491B38F7050023F291 /* Release */ = {
			isa = XCBuildConfiguration;
			buildSettings = {
				ALWAYS_SEARCH_USER_PATHS = NO;
				CLANG_CXX_LANGUAGE_STANDARD = "gnu++0x";
				CLANG_CXX_LIBRARY = "libc++";
				CLANG_ENABLE_MODULES = YES;
				CLANG_ENABLE_OBJC_ARC = YES;
				CLANG_WARN_BOOL_CONVERSION = YES;
				CLANG_WARN_CONSTANT_CONVERSION = YES;
				CLANG_WARN_DIRECT_OBJC_ISA_USAGE = YES_ERROR;
				CLANG_WARN_EMPTY_BODY = YES;
				CLANG_WARN_ENUM_CONVERSION = YES;
				CLANG_WARN_INT_CONVERSION = YES;
				CLANG_WARN_OBJC_ROOT_CLASS = YES_ERROR;
				CLANG_WARN_UNREACHABLE_CODE = YES;
				CLANG_WARN__DUPLICATE_METHOD_MATCH = YES;
				"CODE_SIGN_IDENTITY[sdk=iphoneos*]" = "iPhone Developer";
				COPY_PHASE_STRIP = NO;
				DEBUG_INFORMATION_FORMAT = "dwarf-with-dsym";
				ENABLE_NS_ASSERTIONS = NO;
				ENABLE_STRICT_OBJC_MSGSEND = YES;
				GCC_C_LANGUAGE_STANDARD = gnu99;
				GCC_NO_COMMON_BLOCKS = YES;
				GCC_WARN_64_TO_32_BIT_CONVERSION = YES;
				GCC_WARN_ABOUT_RETURN_TYPE = YES_ERROR;
				GCC_WARN_UNDECLARED_SELECTOR = YES;
				GCC_WARN_UNINITIALIZED_AUTOS = YES_AGGRESSIVE;
				GCC_WARN_UNUSED_FUNCTION = YES;
				GCC_WARN_UNUSED_VARIABLE = YES;
				IPHONEOS_DEPLOYMENT_TARGET = 9.0;
				MTL_ENABLE_DEBUG_INFO = NO;
				SDKROOT = iphoneos;
				VALIDATE_PRODUCT = YES;
			};
			name = Release;
		};
		AB4A2E4B1B38F7050023F291 /* Debug */ = {
			isa = XCBuildConfiguration;
			buildSettings = {
				ASSETCATALOG_COMPILER_APPICON_NAME = AppIcon;
				CLANG_ENABLE_MODULES = YES;
				CODE_SIGN_IDENTITY = "iPhone Developer";
				FRAMEWORK_SEARCH_PATHS = (
					"$(inherited)",
					"$(PROJECT_DIR)/Pitaya-master/Pitaya/build/Debug-iphoneos",
				);
				INFOPLIST_FILE = Airspeed_iOS/Info.plist;
				IPHONEOS_DEPLOYMENT_TARGET = 9.0;
				LD_RUNPATH_SEARCH_PATHS = "$(inherited) @executable_path/Frameworks";
				PRODUCT_BUNDLE_IDENTIFIER = "net.dowhile.Airspeed-iOS";
				PRODUCT_NAME = SherryDo;
				SWIFT_OBJC_BRIDGING_HEADER = "Airspeed_iOS/Airspeed_iOS-Bridging-Header.h";
				SWIFT_OPTIMIZATION_LEVEL = "-Onone";
			};
			name = Debug;
		};
		AB4A2E4C1B38F7050023F291 /* Release */ = {
			isa = XCBuildConfiguration;
			buildSettings = {
				ASSETCATALOG_COMPILER_APPICON_NAME = AppIcon;
				CLANG_ENABLE_MODULES = YES;
				CODE_SIGN_IDENTITY = "iPhone Developer";
				FRAMEWORK_SEARCH_PATHS = (
					"$(inherited)",
					"$(PROJECT_DIR)/Pitaya-master/Pitaya/build/Debug-iphoneos",
				);
				INFOPLIST_FILE = Airspeed_iOS/Info.plist;
				IPHONEOS_DEPLOYMENT_TARGET = 9.0;
				LD_RUNPATH_SEARCH_PATHS = "$(inherited) @executable_path/Frameworks";
				PRODUCT_BUNDLE_IDENTIFIER = "net.dowhile.Airspeed-iOS";
				PRODUCT_NAME = SherryDo;
				SWIFT_OBJC_BRIDGING_HEADER = "Airspeed_iOS/Airspeed_iOS-Bridging-Header.h";
			};
			name = Release;
		};
/* End XCBuildConfiguration section */

/* Begin XCConfigurationList section */
		AB4A2E301B38F7050023F291 /* Build configuration list for PBXProject "Airspeed_iOS" */ = {
			isa = XCConfigurationList;
			buildConfigurations = (
				AB4A2E481B38F7050023F291 /* Debug */,
				AB4A2E491B38F7050023F291 /* Release */,
			);
			defaultConfigurationIsVisible = 0;
			defaultConfigurationName = Release;
		};
		AB4A2E4A1B38F7050023F291 /* Build configuration list for PBXNativeTarget "Airspeed_iOS" */ = {
			isa = XCConfigurationList;
			buildConfigurations = (
				AB4A2E4B1B38F7050023F291 /* Debug */,
				AB4A2E4C1B38F7050023F291 /* Release */,
			);
			defaultConfigurationIsVisible = 0;
			defaultConfigurationName = Release;
		};
/* End XCConfigurationList section */

/* Begin XCVersionGroup section */
		AB4A2E3F1B38F7050023F291 /* Airspeed_iOS.xcdatamodeld */ = {
			isa = XCVersionGroup;
			children = (
				AB4A2E401B38F7050023F291 /* Airspeed_iOS.xcdatamodel */,
			);
			currentVersion = AB4A2E401B38F7050023F291 /* Airspeed_iOS.xcdatamodel */;
			name = Airspeed_iOS.xcdatamodeld;
			path = ../Airspeed_iOS.xcdatamodeld;
			sourceTree = "<group>";
			versionGroupType = wrapper.xcdatamodel;
		};
/* End XCVersionGroup section */
	};
	rootObject = AB4A2E2D1B38F7050023F291 /* Project object */;
}
