// !$*UTF8*$!
{
	archiveVersion = 1;
	classes = {
	};
	objectVersion = 46;
	objects = {

/* Begin PBXBuildFile section */
		AB4A2E391B38F7050023F291 /* AppDelegate.swift in Sources */ = {isa = PBXBuildFile; fileRef = AB4A2E381B38F7050023F291 /* AppDelegate.swift */; };
		AB4A2E3E1B38F7050023F291 /* Main.storyboard in Resources */ = {isa = PBXBuildFile; fileRef = AB4A2E3C1B38F7050023F291 /* Main.storyboard */; };
		AB4A2E411B38F7050023F291 /* Airspeed_iOS.xcdatamodeld in Sources */ = {isa = PBXBuildFile; fileRef = AB4A2E3F1B38F7050023F291 /* Airspeed_iOS.xcdatamodeld */; };
		AB4A2E431B38F7050023F291 /* Assets.xcassets in Resources */ = {isa = PBXBuildFile; fileRef = AB4A2E421B38F7050023F291 /* Assets.xcassets */; };
		AB4A2E461B38F7050023F291 /* LaunchScreen.storyboard in Resources */ = {isa = PBXBuildFile; fileRef = AB4A2E441B38F7050023F291 /* LaunchScreen.storyboard */; };
		AB4A2E531B392DC30023F291 /* YXL_Storyboard.storyboard in Resources */ = {isa = PBXBuildFile; fileRef = AB4A2E521B392DC30023F291 /* YXL_Storyboard.storyboard */; };
		AB4A2E571B392EC40023F291 /* MainViewController.swift in Sources */ = {isa = PBXBuildFile; fileRef = AB4A2E561B392EC40023F291 /* MainViewController.swift */; };
		AB4A63C81B8605020040DEEA /* YXL_InforMationViewController.swift in Sources */ = {isa = PBXBuildFile; fileRef = AB4A63C71B8605020040DEEA /* YXL_InforMationViewController.swift */; };
		AB536FCB1B6F003D004B75B8 /* MenuCellList.swift in Sources */ = {isa = PBXBuildFile; fileRef = AB536FCA1B6F003D004B75B8 /* MenuCellList.swift */; };
		AB7A1FB41B706CAE00D77160 /* MJRefreshAutoFooter.m in Sources */ = {isa = PBXBuildFile; fileRef = AB7A1F8A1B706CAE00D77160 /* MJRefreshAutoFooter.m */; };
		AB7A1FB51B706CAE00D77160 /* MJRefreshBackFooter.m in Sources */ = {isa = PBXBuildFile; fileRef = AB7A1F8C1B706CAE00D77160 /* MJRefreshBackFooter.m */; };
		AB7A1FB61B706CAE00D77160 /* MJRefreshComponent.m in Sources */ = {isa = PBXBuildFile; fileRef = AB7A1F8E1B706CAE00D77160 /* MJRefreshComponent.m */; };
		AB7A1FB71B706CAE00D77160 /* MJRefreshFooter.m in Sources */ = {isa = PBXBuildFile; fileRef = AB7A1F901B706CAE00D77160 /* MJRefreshFooter.m */; };
		AB7A1FB81B706CAE00D77160 /* MJRefreshHeader.m in Sources */ = {isa = PBXBuildFile; fileRef = AB7A1F921B706CAE00D77160 /* MJRefreshHeader.m */; };
		AB7A1FB91B706CAE00D77160 /* MJRefreshAutoGifFooter.m in Sources */ = {isa = PBXBuildFile; fileRef = AB7A1F971B706CAE00D77160 /* MJRefreshAutoGifFooter.m */; };
		AB7A1FBA1B706CAE00D77160 /* MJRefreshAutoNormalFooter.m in Sources */ = {isa = PBXBuildFile; fileRef = AB7A1F991B706CAE00D77160 /* MJRefreshAutoNormalFooter.m */; };
		AB7A1FBB1B706CAE00D77160 /* MJRefreshAutoStateFooter.m in Sources */ = {isa = PBXBuildFile; fileRef = AB7A1F9B1B706CAE00D77160 /* MJRefreshAutoStateFooter.m */; };
		AB7A1FBC1B706CAE00D77160 /* MJRefreshBackGifFooter.m in Sources */ = {isa = PBXBuildFile; fileRef = AB7A1F9E1B706CAE00D77160 /* MJRefreshBackGifFooter.m */; };
		AB7A1FBD1B706CAE00D77160 /* MJRefreshBackNormalFooter.m in Sources */ = {isa = PBXBuildFile; fileRef = AB7A1FA01B706CAE00D77160 /* MJRefreshBackNormalFooter.m */; };
		AB7A1FBE1B706CAE00D77160 /* MJRefreshBackStateFooter.m in Sources */ = {isa = PBXBuildFile; fileRef = AB7A1FA21B706CAE00D77160 /* MJRefreshBackStateFooter.m */; };
		AB7A1FBF1B706CAE00D77160 /* MJRefreshGifHeader.m in Sources */ = {isa = PBXBuildFile; fileRef = AB7A1FA51B706CAE00D77160 /* MJRefreshGifHeader.m */; };
		AB7A1FC01B706CAE00D77160 /* MJRefreshNormalHeader.m in Sources */ = {isa = PBXBuildFile; fileRef = AB7A1FA71B706CAE00D77160 /* MJRefreshNormalHeader.m */; };
		AB7A1FC11B706CAE00D77160 /* MJRefreshStateHeader.m in Sources */ = {isa = PBXBuildFile; fileRef = AB7A1FA91B706CAE00D77160 /* MJRefreshStateHeader.m */; };
		AB7A1FC21B706CAE00D77160 /* MJRefresh.bundle in Resources */ = {isa = PBXBuildFile; fileRef = AB7A1FAA1B706CAE00D77160 /* MJRefresh.bundle */; };
		AB7A1FC31B706CAE00D77160 /* MJRefreshConst.m in Sources */ = {isa = PBXBuildFile; fileRef = AB7A1FAD1B706CAE00D77160 /* MJRefreshConst.m */; };
		AB7A1FC41B706CAE00D77160 /* UIScrollView+MJExtension.m in Sources */ = {isa = PBXBuildFile; fileRef = AB7A1FAF1B706CAE00D77160 /* UIScrollView+MJExtension.m */; };
		AB7A1FC51B706CAE00D77160 /* UIScrollView+MJRefresh.m in Sources */ = {isa = PBXBuildFile; fileRef = AB7A1FB11B706CAE00D77160 /* UIScrollView+MJRefresh.m */; };
		AB7A1FC61B706CAE00D77160 /* UIView+MJExtension.m in Sources */ = {isa = PBXBuildFile; fileRef = AB7A1FB31B706CAE00D77160 /* UIView+MJExtension.m */; };
		AB7C476F1B75D69900AF2077 /* SwiftNotice.swift in Sources */ = {isa = PBXBuildFile; fileRef = AB7C476E1B75D69900AF2077 /* SwiftNotice.swift */; };
		AB8008CD1B7F021B0038BF89 /* YXL_ItemTableViewController.swift in Sources */ = {isa = PBXBuildFile; fileRef = AB8008CC1B7F021B0038BF89 /* YXL_ItemTableViewController.swift */; };
		AB8008CF1B7F03590038BF89 /* YXL2_Storyboard.storyboard in Resources */ = {isa = PBXBuildFile; fileRef = AB8008CE1B7F03590038BF89 /* YXL2_Storyboard.storyboard */; };
		AB9EFE671B90460400201967 /* MKAnnotationView+WebCache.m in Sources */ = {isa = PBXBuildFile; fileRef = AB9EFE471B90460400201967 /* MKAnnotationView+WebCache.m */; settings = {ASSET_TAGS = (); }; };
		AB9EFE681B90460400201967 /* NSData+ImageContentType.m in Sources */ = {isa = PBXBuildFile; fileRef = AB9EFE491B90460400201967 /* NSData+ImageContentType.m */; settings = {ASSET_TAGS = (); }; };
		AB9EFE691B90460400201967 /* SDImageCache.m in Sources */ = {isa = PBXBuildFile; fileRef = AB9EFE4B1B90460400201967 /* SDImageCache.m */; settings = {ASSET_TAGS = (); }; };
		AB9EFE6A1B90460400201967 /* SDWebImageCompat.m in Sources */ = {isa = PBXBuildFile; fileRef = AB9EFE4D1B90460400201967 /* SDWebImageCompat.m */; settings = {ASSET_TAGS = (); }; };
		AB9EFE6B1B90460400201967 /* SDWebImageDecoder.m in Sources */ = {isa = PBXBuildFile; fileRef = AB9EFE4F1B90460400201967 /* SDWebImageDecoder.m */; settings = {ASSET_TAGS = (); }; };
		AB9EFE6C1B90460400201967 /* SDWebImageDownloader.m in Sources */ = {isa = PBXBuildFile; fileRef = AB9EFE511B90460400201967 /* SDWebImageDownloader.m */; settings = {ASSET_TAGS = (); }; };
		AB9EFE6D1B90460400201967 /* SDWebImageDownloaderOperation.m in Sources */ = {isa = PBXBuildFile; fileRef = AB9EFE531B90460400201967 /* SDWebImageDownloaderOperation.m */; settings = {ASSET_TAGS = (); }; };
		AB9EFE6E1B90460400201967 /* SDWebImageManager.m in Sources */ = {isa = PBXBuildFile; fileRef = AB9EFE551B90460400201967 /* SDWebImageManager.m */; settings = {ASSET_TAGS = (); }; };
		AB9EFE6F1B90460400201967 /* SDWebImagePrefetcher.m in Sources */ = {isa = PBXBuildFile; fileRef = AB9EFE581B90460400201967 /* SDWebImagePrefetcher.m */; settings = {ASSET_TAGS = (); }; };
		AB9EFE701B90460400201967 /* UIButton+WebCache.m in Sources */ = {isa = PBXBuildFile; fileRef = AB9EFE5A1B90460400201967 /* UIButton+WebCache.m */; settings = {ASSET_TAGS = (); }; };
		AB9EFE711B90460400201967 /* UIImage+GIF.m in Sources */ = {isa = PBXBuildFile; fileRef = AB9EFE5C1B90460400201967 /* UIImage+GIF.m */; settings = {ASSET_TAGS = (); }; };
		AB9EFE721B90460400201967 /* UIImage+MultiFormat.m in Sources */ = {isa = PBXBuildFile; fileRef = AB9EFE5E1B90460400201967 /* UIImage+MultiFormat.m */; settings = {ASSET_TAGS = (); }; };
		AB9EFE731B90460400201967 /* UIImage+WebP.m in Sources */ = {isa = PBXBuildFile; fileRef = AB9EFE601B90460400201967 /* UIImage+WebP.m */; settings = {ASSET_TAGS = (); }; };
		AB9EFE741B90460400201967 /* UIImageView+HighlightedWebCache.m in Sources */ = {isa = PBXBuildFile; fileRef = AB9EFE621B90460400201967 /* UIImageView+HighlightedWebCache.m */; settings = {ASSET_TAGS = (); }; };
		AB9EFE751B90460400201967 /* UIImageView+WebCache.m in Sources */ = {isa = PBXBuildFile; fileRef = AB9EFE641B90460400201967 /* UIImageView+WebCache.m */; settings = {ASSET_TAGS = (); }; };
		AB9EFE761B90460400201967 /* UIView+WebCacheOperation.m in Sources */ = {isa = PBXBuildFile; fileRef = AB9EFE661B90460400201967 /* UIView+WebCacheOperation.m */; settings = {ASSET_TAGS = (); }; };
		AB9EFEB51B90676200201967 /* CNPGridMenu.m in Sources */ = {isa = PBXBuildFile; fileRef = AB9EFEB41B90676200201967 /* CNPGridMenu.m */; settings = {ASSET_TAGS = (); }; };
		ABA2CE6E1B71F5FE00D2C4A4 /* ArticInformation.swift in Sources */ = {isa = PBXBuildFile; fileRef = ABA2CE6D1B71F5FE00D2C4A4 /* ArticInformation.swift */; };
		ABA2CE711B72070900D2C4A4 /* HttpCollectionData.swift in Sources */ = {isa = PBXBuildFile; fileRef = ABA2CE701B72070900D2C4A4 /* HttpCollectionData.swift */; };
		ABA2CEC81B7218B100D2C4A4 /* MenuTableViewCell.swift in Sources */ = {isa = PBXBuildFile; fileRef = ABA2CEC71B7218B100D2C4A4 /* MenuTableViewCell.swift */; };
		ABA2CECA1B7218C700D2C4A4 /* MenuTableViewController.swift in Sources */ = {isa = PBXBuildFile; fileRef = ABA2CEC91B7218C700D2C4A4 /* MenuTableViewController.swift */; };
		ABA2CECE1B721FA700D2C4A4 /* ENSideMenu.swift in Sources */ = {isa = PBXBuildFile; fileRef = ABA2CECC1B721FA700D2C4A4 /* ENSideMenu.swift */; };
		ABA2CECF1B721FA700D2C4A4 /* ENSideMenuNavigationController.swift in Sources */ = {isa = PBXBuildFile; fileRef = ABA2CECD1B721FA700D2C4A4 /* ENSideMenuNavigationController.swift */; };
		ABA2CED11B72203C00D2C4A4 /* MyNavigationViewController.swift in Sources */ = {isa = PBXBuildFile; fileRef = ABA2CED01B72203C00D2C4A4 /* MyNavigationViewController.swift */; };
		ABA2CED51B72274A00D2C4A4 /* MyMenuTableViewController.swift in Sources */ = {isa = PBXBuildFile; fileRef = ABA2CED41B72274A00D2C4A4 /* MyMenuTableViewController.swift */; };
		ABBC2C5D1B95964900D5DAE8 /* Alamofire.framework in Frameworks */ = {isa = PBXBuildFile; fileRef = ABBC2C501B95963100D5DAE8 /* Alamofire.framework */; };
		ABBC2C5E1B95964900D5DAE8 /* Alamofire.framework in Embed Frameworks */ = {isa = PBXBuildFile; fileRef = ABBC2C501B95963100D5DAE8 /* Alamofire.framework */; settings = {ATTRIBUTES = (CodeSignOnCopy, RemoveHeadersOnCopy, ); }; };
		ABE387FA1B7336EC0028557E /* ItemDetails.swift in Sources */ = {isa = PBXBuildFile; fileRef = ABE387F91B7336EC0028557E /* ItemDetails.swift */; };
		ABFC19F41B930C2D00516E89 /* SwiftyJSON.framework in Frameworks */ = {isa = PBXBuildFile; fileRef = ABFC19ED1B930C2300516E89 /* SwiftyJSON.framework */; };
		ABFC19F51B930C2D00516E89 /* SwiftyJSON.framework in Embed Frameworks */ = {isa = PBXBuildFile; fileRef = ABFC19ED1B930C2300516E89 /* SwiftyJSON.framework */; settings = {ATTRIBUTES = (CodeSignOnCopy, RemoveHeadersOnCopy, ); }; };
		ABFC1A051B930D8900516E89 /* Pitaya.framework in Frameworks */ = {isa = PBXBuildFile; fileRef = ABFC1A021B930D8300516E89 /* Pitaya.framework */; };
		ABFC1A061B930D8900516E89 /* Pitaya.framework in Embed Frameworks */ = {isa = PBXBuildFile; fileRef = ABFC1A021B930D8300516E89 /* Pitaya.framework */; settings = {ATTRIBUTES = (CodeSignOnCopy, RemoveHeadersOnCopy, ); }; };
		CA4E2FA61B85C286004706A1 /* ItemExtension.swift in Sources */ = {isa = PBXBuildFile; fileRef = CA4E2FA51B85C286004706A1 /* ItemExtension.swift */; };
		CA64D0541B744D0600E6786B /* rj_gnsjViewController.swift in Sources */ = {isa = PBXBuildFile; fileRef = CA64D0531B744D0600E6786B /* rj_gnsjViewController.swift */; };
		CABCABF21B71B5C400000E02 /* rj_Storyboard.storyboard in Resources */ = {isa = PBXBuildFile; fileRef = CABCABF11B71B5C400000E02 /* rj_Storyboard.storyboard */; };
		CABCABFC1B71BA3F00000E02 /* Test1_ViewController.swift in Sources */ = {isa = PBXBuildFile; fileRef = CABCABFB1B71BA3F00000E02 /* Test1_ViewController.swift */; };
		CABCAC0E1B720E2000000E02 /* Test2_ViewController.swift in Sources */ = {isa = PBXBuildFile; fileRef = CABCAC0D1B720E2000000E02 /* Test2_ViewController.swift */; };
		CAC7722F1B7093FB00AF9009 /* RJ_SJViewController.swift in Sources */ = {isa = PBXBuildFile; fileRef = CAC7722E1B7093FB00AF9009 /* RJ_SJViewController.swift */; };
		CAC7727A1B709B8700AF9009 /* XLScrollViewer.m in Sources */ = {isa = PBXBuildFile; fileRef = CAC772791B709B8700AF9009 /* XLScrollViewer.m */; };
		CAC8ECB11B887DB100C2B183 /* UIImage+JYExtention.m in Sources */ = {isa = PBXBuildFile; fileRef = CAC8ECB01B887DB100C2B183 /* UIImage+JYExtention.m */; };
		CAC8ECC81B8C75DC00C2B183 /* ScrollViewController.swift in Sources */ = {isa = PBXBuildFile; fileRef = CAC8ECC71B8C75DC00C2B183 /* ScrollViewController.swift */; };
		CACADEDF1B887426006BA7A5 /* RjTableViewCell.swift in Sources */ = {isa = PBXBuildFile; fileRef = CACADEDD1B887426006BA7A5 /* RjTableViewCell.swift */; };
		CACADEE01B887426006BA7A5 /* RjTableViewCell.xib in Resources */ = {isa = PBXBuildFile; fileRef = CACADEDE1B887426006BA7A5 /* RjTableViewCell.xib */; };
		CB4219021B8D64DD00AEFCCF /* WZ_StoryBoard.storyboard in Resources */ = {isa = PBXBuildFile; fileRef = CB4219011B8D64DD00AEFCCF /* WZ_StoryBoard.storyboard */; };
		CB4219091B8D64F700AEFCCF /* WZ_auctionViewController.swift in Sources */ = {isa = PBXBuildFile; fileRef = CB4219031B8D64F700AEFCCF /* WZ_auctionViewController.swift */; };
		CB42190A1B8D64F700AEFCCF /* WZ_myRentViewController.swift in Sources */ = {isa = PBXBuildFile; fileRef = CB4219041B8D64F700AEFCCF /* WZ_myRentViewController.swift */; };
		CB42190B1B8D64F700AEFCCF /* WZ_myWalletViewController.swift in Sources */ = {isa = PBXBuildFile; fileRef = CB4219051B8D64F700AEFCCF /* WZ_myWalletViewController.swift */; };
		CB42190C1B8D64F700AEFCCF /* WZ_onSaleViewController.swift in Sources */ = {isa = PBXBuildFile; fileRef = CB4219061B8D64F700AEFCCF /* WZ_onSaleViewController.swift */; };
		CB42190D1B8D64F700AEFCCF /* WZ_UserInfoEditTableViewController.swift in Sources */ = {isa = PBXBuildFile; fileRef = CB4219071B8D64F700AEFCCF /* WZ_UserInfoEditTableViewController.swift */; };
		CB42190E1B8D64F700AEFCCF /* WZ_UserInformationViewController.swift .swift in Sources */ = {isa = PBXBuildFile; fileRef = CB4219081B8D64F700AEFCCF /* WZ_UserInformationViewController.swift .swift */; };
		CB4219111B8D650C00AEFCCF /* background.jpg in Resources */ = {isa = PBXBuildFile; fileRef = CB42190F1B8D650C00AEFCCF /* background.jpg */; };
		CB4219121B8D650C00AEFCCF /* icon.jpg in Resources */ = {isa = PBXBuildFile; fileRef = CB4219101B8D650C00AEFCCF /* icon.jpg */; };
		CBD80F231B9581700030D47E /* ItemsSimpleInfo.swift in Sources */ = {isa = PBXBuildFile; fileRef = CBD80F221B9581700030D47E /* ItemsSimpleInfo.swift */; };
		CBDAD5021B8D6EDD0096797D /* WZ_onSaleTableViewCell.swift in Sources */ = {isa = PBXBuildFile; fileRef = CBDAD5001B8D6EDD0096797D /* WZ_onSaleTableViewCell.swift */; };
		CBDAD5031B8D6EDD0096797D /* WZ_onSaleTableViewCell.xib in Resources */ = {isa = PBXBuildFile; fileRef = CBDAD5011B8D6EDD0096797D /* WZ_onSaleTableViewCell.xib */; };
		CBE677F61B95805700FBF91E /* auction.storyboard in Resources */ = {isa = PBXBuildFile; fileRef = CBE677EF1B95805700FBF91E /* auction.storyboard */; };
		CBE677F71B95805700FBF91E /* EditUserInfo.storyboard in Resources */ = {isa = PBXBuildFile; fileRef = CBE677F01B95805700FBF91E /* EditUserInfo.storyboard */; };
		CBE677F81B95805700FBF91E /* myRent.storyboard in Resources */ = {isa = PBXBuildFile; fileRef = CBE677F11B95805700FBF91E /* myRent.storyboard */; };
		CBE677F91B95805700FBF91E /* myWallet.storyboard in Resources */ = {isa = PBXBuildFile; fileRef = CBE677F21B95805700FBF91E /* myWallet.storyboard */; };
		CBE677FA1B95805700FBF91E /* onSale.storyboard in Resources */ = {isa = PBXBuildFile; fileRef = CBE677F31B95805700FBF91E /* onSale.storyboard */; };
/* End PBXBuildFile section */

/* Begin PBXContainerItemProxy section */
		ABBC2C4F1B95963100D5DAE8 /* PBXContainerItemProxy */ = {
			isa = PBXContainerItemProxy;
			containerPortal = ABBC2C471B95963100D5DAE8 /* Alamofire.xcodeproj */;
			proxyType = 2;
			remoteGlobalIDString = F8111E3319A95C8B0040E7D1;
			remoteInfo = "Alamofire iOS";
		};
		ABBC2C511B95963100D5DAE8 /* PBXContainerItemProxy */ = {
			isa = PBXContainerItemProxy;
			containerPortal = ABBC2C471B95963100D5DAE8 /* Alamofire.xcodeproj */;
			proxyType = 2;
			remoteGlobalIDString = 4DD67C0B1A5C55C900ED2280;
			remoteInfo = "Alamofire OSX";
		};
		ABBC2C531B95963100D5DAE8 /* PBXContainerItemProxy */ = {
			isa = PBXContainerItemProxy;
			containerPortal = ABBC2C471B95963100D5DAE8 /* Alamofire.xcodeproj */;
			proxyType = 2;
			remoteGlobalIDString = E4202FE01B667AA100C997FB;
			remoteInfo = "Alamofire watchOS";
		};
		ABBC2C551B95963100D5DAE8 /* PBXContainerItemProxy */ = {
			isa = PBXContainerItemProxy;
			containerPortal = ABBC2C471B95963100D5DAE8 /* Alamofire.xcodeproj */;
			proxyType = 2;
			remoteGlobalIDString = F8111E3E19A95C8B0040E7D1;
			remoteInfo = "Alamofire iOS Tests";
		};
		ABBC2C571B95963100D5DAE8 /* PBXContainerItemProxy */ = {
			isa = PBXContainerItemProxy;
			containerPortal = ABBC2C471B95963100D5DAE8 /* Alamofire.xcodeproj */;
			proxyType = 2;
			remoteGlobalIDString = F829C6B21A7A94F100A2CD59;
			remoteInfo = "Alamofire OSX Tests";
		};
		ABBC2C5F1B95964900D5DAE8 /* PBXContainerItemProxy */ = {
			isa = PBXContainerItemProxy;
			containerPortal = ABBC2C471B95963100D5DAE8 /* Alamofire.xcodeproj */;
			proxyType = 1;
			remoteGlobalIDString = F8111E3219A95C8B0040E7D1;
			remoteInfo = "Alamofire iOS";
		};
		ABFC19EC1B930C2300516E89 /* PBXContainerItemProxy */ = {
			isa = PBXContainerItemProxy;
			containerPortal = ABFC19E51B930C2200516E89 /* SwiftyJSON.xcodeproj */;
			proxyType = 2;
			remoteGlobalIDString = 2E4FEFDB19575BE100351305;
			remoteInfo = "SwiftyJSON iOS";
		};
		ABFC19EE1B930C2300516E89 /* PBXContainerItemProxy */ = {
			isa = PBXContainerItemProxy;
			containerPortal = ABFC19E51B930C2200516E89 /* SwiftyJSON.xcodeproj */;
			proxyType = 2;
			remoteGlobalIDString = 2E4FEFE619575BE100351305;
			remoteInfo = "SwiftyJSON iOS Tests";
		};
		ABFC19F01B930C2300516E89 /* PBXContainerItemProxy */ = {
			isa = PBXContainerItemProxy;
			containerPortal = ABFC19E51B930C2200516E89 /* SwiftyJSON.xcodeproj */;
			proxyType = 2;
			remoteGlobalIDString = 9C7DFC5B1A9102BD005AA3F7;
			remoteInfo = "SwiftyJSON OSX";
		};
		ABFC19F21B930C2300516E89 /* PBXContainerItemProxy */ = {
			isa = PBXContainerItemProxy;
			containerPortal = ABFC19E51B930C2200516E89 /* SwiftyJSON.xcodeproj */;
			proxyType = 2;
			remoteGlobalIDString = 9C7DFC651A9102BD005AA3F7;
			remoteInfo = "SwiftyJSON OSX Tests";
		};
		ABFC19F61B930C2D00516E89 /* PBXContainerItemProxy */ = {
			isa = PBXContainerItemProxy;
			containerPortal = ABFC19E51B930C2200516E89 /* SwiftyJSON.xcodeproj */;
			proxyType = 1;
			remoteGlobalIDString = 2E4FEFDA19575BE100351305;
			remoteInfo = "SwiftyJSON iOS";
		};
		ABFC1A011B930D8300516E89 /* PBXContainerItemProxy */ = {
			isa = PBXContainerItemProxy;
			containerPortal = ABFC19FC1B930D8300516E89 /* Pitaya.xcodeproj */;
			proxyType = 2;
			remoteGlobalIDString = 463712051B04C2050019E1AB;
			remoteInfo = Pitaya;
		};
		ABFC1A031B930D8300516E89 /* PBXContainerItemProxy */ = {
			isa = PBXContainerItemProxy;
			containerPortal = ABFC19FC1B930D8300516E89 /* Pitaya.xcodeproj */;
			proxyType = 2;
			remoteGlobalIDString = 463712101B04C2050019E1AB;
			remoteInfo = PitayaTests;
		};
		ABFC1A071B930D8900516E89 /* PBXContainerItemProxy */ = {
			isa = PBXContainerItemProxy;
			containerPortal = ABFC19FC1B930D8300516E89 /* Pitaya.xcodeproj */;
			proxyType = 1;
			remoteGlobalIDString = 463712041B04C2050019E1AB;
			remoteInfo = Pitaya;
		};
/* End PBXContainerItemProxy section */

/* Begin PBXCopyFilesBuildPhase section */
		AB9EFE221B8FE86A00201967 /* Embed Frameworks */ = {
			isa = PBXCopyFilesBuildPhase;
			buildActionMask = 2147483647;
			dstPath = "";
			dstSubfolderSpec = 10;
			files = (
				ABFC1A061B930D8900516E89 /* Pitaya.framework in Embed Frameworks */,
				ABBC2C5E1B95964900D5DAE8 /* Alamofire.framework in Embed Frameworks */,
				ABFC19F51B930C2D00516E89 /* SwiftyJSON.framework in Embed Frameworks */,
			);
			name = "Embed Frameworks";
			runOnlyForDeploymentPostprocessing = 0;
		};
/* End PBXCopyFilesBuildPhase section */

/* Begin PBXFileReference section */
		AB4A2E351B38F7050023F291 /* SherryDo.app */ = {isa = PBXFileReference; explicitFileType = wrapper.application; includeInIndex = 0; path = SherryDo.app; sourceTree = BUILT_PRODUCTS_DIR; };
		AB4A2E381B38F7050023F291 /* AppDelegate.swift */ = {isa = PBXFileReference; lastKnownFileType = sourcecode.swift; path = AppDelegate.swift; sourceTree = "<group>"; };
		AB4A2E3D1B38F7050023F291 /* Base */ = {isa = PBXFileReference; lastKnownFileType = file.storyboard; name = Base; path = Base.lproj/Main.storyboard; sourceTree = "<group>"; };
		AB4A2E401B38F7050023F291 /* Airspeed_iOS.xcdatamodel */ = {isa = PBXFileReference; lastKnownFileType = wrapper.xcdatamodel; path = Airspeed_iOS.xcdatamodel; sourceTree = "<group>"; };
		AB4A2E421B38F7050023F291 /* Assets.xcassets */ = {isa = PBXFileReference; lastKnownFileType = folder.assetcatalog; path = Assets.xcassets; sourceTree = "<group>"; };
		AB4A2E451B38F7050023F291 /* Base */ = {isa = PBXFileReference; lastKnownFileType = file.storyboard; name = Base; path = Base.lproj/LaunchScreen.storyboard; sourceTree = "<group>"; };
		AB4A2E471B38F7050023F291 /* Info.plist */ = {isa = PBXFileReference; lastKnownFileType = text.plist.xml; path = Info.plist; sourceTree = "<group>"; };
		AB4A2E521B392DC30023F291 /* YXL_Storyboard.storyboard */ = {isa = PBXFileReference; fileEncoding = 4; lastKnownFileType = file.storyboard; path = YXL_Storyboard.storyboard; sourceTree = "<group>"; };
		AB4A2E561B392EC40023F291 /* MainViewController.swift */ = {isa = PBXFileReference; fileEncoding = 4; lastKnownFileType = sourcecode.swift; path = MainViewController.swift; sourceTree = "<group>"; };
		AB4A63C71B8605020040DEEA /* YXL_InforMationViewController.swift */ = {isa = PBXFileReference; fileEncoding = 4; lastKnownFileType = sourcecode.swift; path = YXL_InforMationViewController.swift; sourceTree = "<group>"; };
		AB536FCA1B6F003D004B75B8 /* MenuCellList.swift */ = {isa = PBXFileReference; fileEncoding = 4; lastKnownFileType = sourcecode.swift; path = MenuCellList.swift; sourceTree = "<group>"; };
		AB536FDC1B6F5195004B75B8 /* Airspeed_iOS-Bridging-Header.h */ = {isa = PBXFileReference; lastKnownFileType = sourcecode.c.h; path = "Airspeed_iOS-Bridging-Header.h"; sourceTree = "<group>"; };
		AB7A1F891B706CAE00D77160 /* MJRefreshAutoFooter.h */ = {isa = PBXFileReference; fileEncoding = 4; lastKnownFileType = sourcecode.c.h; path = MJRefreshAutoFooter.h; sourceTree = "<group>"; };
		AB7A1F8A1B706CAE00D77160 /* MJRefreshAutoFooter.m */ = {isa = PBXFileReference; fileEncoding = 4; lastKnownFileType = sourcecode.c.objc; path = MJRefreshAutoFooter.m; sourceTree = "<group>"; };
		AB7A1F8B1B706CAE00D77160 /* MJRefreshBackFooter.h */ = {isa = PBXFileReference; fileEncoding = 4; lastKnownFileType = sourcecode.c.h; path = MJRefreshBackFooter.h; sourceTree = "<group>"; };
		AB7A1F8C1B706CAE00D77160 /* MJRefreshBackFooter.m */ = {isa = PBXFileReference; fileEncoding = 4; lastKnownFileType = sourcecode.c.objc; path = MJRefreshBackFooter.m; sourceTree = "<group>"; };
		AB7A1F8D1B706CAE00D77160 /* MJRefreshComponent.h */ = {isa = PBXFileReference; fileEncoding = 4; lastKnownFileType = sourcecode.c.h; path = MJRefreshComponent.h; sourceTree = "<group>"; };
		AB7A1F8E1B706CAE00D77160 /* MJRefreshComponent.m */ = {isa = PBXFileReference; fileEncoding = 4; lastKnownFileType = sourcecode.c.objc; path = MJRefreshComponent.m; sourceTree = "<group>"; };
		AB7A1F8F1B706CAE00D77160 /* MJRefreshFooter.h */ = {isa = PBXFileReference; fileEncoding = 4; lastKnownFileType = sourcecode.c.h; path = MJRefreshFooter.h; sourceTree = "<group>"; };
		AB7A1F901B706CAE00D77160 /* MJRefreshFooter.m */ = {isa = PBXFileReference; fileEncoding = 4; lastKnownFileType = sourcecode.c.objc; path = MJRefreshFooter.m; sourceTree = "<group>"; };
		AB7A1F911B706CAE00D77160 /* MJRefreshHeader.h */ = {isa = PBXFileReference; fileEncoding = 4; lastKnownFileType = sourcecode.c.h; path = MJRefreshHeader.h; sourceTree = "<group>"; };
		AB7A1F921B706CAE00D77160 /* MJRefreshHeader.m */ = {isa = PBXFileReference; fileEncoding = 4; lastKnownFileType = sourcecode.c.objc; path = MJRefreshHeader.m; sourceTree = "<group>"; };
		AB7A1F961B706CAE00D77160 /* MJRefreshAutoGifFooter.h */ = {isa = PBXFileReference; fileEncoding = 4; lastKnownFileType = sourcecode.c.h; path = MJRefreshAutoGifFooter.h; sourceTree = "<group>"; };
		AB7A1F971B706CAE00D77160 /* MJRefreshAutoGifFooter.m */ = {isa = PBXFileReference; fileEncoding = 4; lastKnownFileType = sourcecode.c.objc; path = MJRefreshAutoGifFooter.m; sourceTree = "<group>"; };
		AB7A1F981B706CAE00D77160 /* MJRefreshAutoNormalFooter.h */ = {isa = PBXFileReference; fileEncoding = 4; lastKnownFileType = sourcecode.c.h; path = MJRefreshAutoNormalFooter.h; sourceTree = "<group>"; };
		AB7A1F991B706CAE00D77160 /* MJRefreshAutoNormalFooter.m */ = {isa = PBXFileReference; fileEncoding = 4; lastKnownFileType = sourcecode.c.objc; path = MJRefreshAutoNormalFooter.m; sourceTree = "<group>"; };
		AB7A1F9A1B706CAE00D77160 /* MJRefreshAutoStateFooter.h */ = {isa = PBXFileReference; fileEncoding = 4; lastKnownFileType = sourcecode.c.h; path = MJRefreshAutoStateFooter.h; sourceTree = "<group>"; };
		AB7A1F9B1B706CAE00D77160 /* MJRefreshAutoStateFooter.m */ = {isa = PBXFileReference; fileEncoding = 4; lastKnownFileType = sourcecode.c.objc; path = MJRefreshAutoStateFooter.m; sourceTree = "<group>"; };
		AB7A1F9D1B706CAE00D77160 /* MJRefreshBackGifFooter.h */ = {isa = PBXFileReference; fileEncoding = 4; lastKnownFileType = sourcecode.c.h; path = MJRefreshBackGifFooter.h; sourceTree = "<group>"; };
		AB7A1F9E1B706CAE00D77160 /* MJRefreshBackGifFooter.m */ = {isa = PBXFileReference; fileEncoding = 4; lastKnownFileType = sourcecode.c.objc; path = MJRefreshBackGifFooter.m; sourceTree = "<group>"; };
		AB7A1F9F1B706CAE00D77160 /* MJRefreshBackNormalFooter.h */ = {isa = PBXFileReference; fileEncoding = 4; lastKnownFileType = sourcecode.c.h; path = MJRefreshBackNormalFooter.h; sourceTree = "<group>"; };
		AB7A1FA01B706CAE00D77160 /* MJRefreshBackNormalFooter.m */ = {isa = PBXFileReference; fileEncoding = 4; lastKnownFileType = sourcecode.c.objc; path = MJRefreshBackNormalFooter.m; sourceTree = "<group>"; };
		AB7A1FA11B706CAE00D77160 /* MJRefreshBackStateFooter.h */ = {isa = PBXFileReference; fileEncoding = 4; lastKnownFileType = sourcecode.c.h; path = MJRefreshBackStateFooter.h; sourceTree = "<group>"; };
		AB7A1FA21B706CAE00D77160 /* MJRefreshBackStateFooter.m */ = {isa = PBXFileReference; fileEncoding = 4; lastKnownFileType = sourcecode.c.objc; path = MJRefreshBackStateFooter.m; sourceTree = "<group>"; };
		AB7A1FA41B706CAE00D77160 /* MJRefreshGifHeader.h */ = {isa = PBXFileReference; fileEncoding = 4; lastKnownFileType = sourcecode.c.h; path = MJRefreshGifHeader.h; sourceTree = "<group>"; };
		AB7A1FA51B706CAE00D77160 /* MJRefreshGifHeader.m */ = {isa = PBXFileReference; fileEncoding = 4; lastKnownFileType = sourcecode.c.objc; path = MJRefreshGifHeader.m; sourceTree = "<group>"; };
		AB7A1FA61B706CAE00D77160 /* MJRefreshNormalHeader.h */ = {isa = PBXFileReference; fileEncoding = 4; lastKnownFileType = sourcecode.c.h; path = MJRefreshNormalHeader.h; sourceTree = "<group>"; };
		AB7A1FA71B706CAE00D77160 /* MJRefreshNormalHeader.m */ = {isa = PBXFileReference; fileEncoding = 4; lastKnownFileType = sourcecode.c.objc; path = MJRefreshNormalHeader.m; sourceTree = "<group>"; };
		AB7A1FA81B706CAE00D77160 /* MJRefreshStateHeader.h */ = {isa = PBXFileReference; fileEncoding = 4; lastKnownFileType = sourcecode.c.h; path = MJRefreshStateHeader.h; sourceTree = "<group>"; };
		AB7A1FA91B706CAE00D77160 /* MJRefreshStateHeader.m */ = {isa = PBXFileReference; fileEncoding = 4; lastKnownFileType = sourcecode.c.objc; path = MJRefreshStateHeader.m; sourceTree = "<group>"; };
		AB7A1FAA1B706CAE00D77160 /* MJRefresh.bundle */ = {isa = PBXFileReference; lastKnownFileType = "wrapper.plug-in"; path = MJRefresh.bundle; sourceTree = "<group>"; };
		AB7A1FAB1B706CAE00D77160 /* MJRefresh.h */ = {isa = PBXFileReference; fileEncoding = 4; lastKnownFileType = sourcecode.c.h; path = MJRefresh.h; sourceTree = "<group>"; };
		AB7A1FAC1B706CAE00D77160 /* MJRefreshConst.h */ = {isa = PBXFileReference; fileEncoding = 4; lastKnownFileType = sourcecode.c.h; path = MJRefreshConst.h; sourceTree = "<group>"; };
		AB7A1FAD1B706CAE00D77160 /* MJRefreshConst.m */ = {isa = PBXFileReference; fileEncoding = 4; lastKnownFileType = sourcecode.c.objc; path = MJRefreshConst.m; sourceTree = "<group>"; };
		AB7A1FAE1B706CAE00D77160 /* UIScrollView+MJExtension.h */ = {isa = PBXFileReference; fileEncoding = 4; lastKnownFileType = sourcecode.c.h; path = "UIScrollView+MJExtension.h"; sourceTree = "<group>"; };
		AB7A1FAF1B706CAE00D77160 /* UIScrollView+MJExtension.m */ = {isa = PBXFileReference; fileEncoding = 4; lastKnownFileType = sourcecode.c.objc; path = "UIScrollView+MJExtension.m"; sourceTree = "<group>"; };
		AB7A1FB01B706CAE00D77160 /* UIScrollView+MJRefresh.h */ = {isa = PBXFileReference; fileEncoding = 4; lastKnownFileType = sourcecode.c.h; path = "UIScrollView+MJRefresh.h"; sourceTree = "<group>"; };
		AB7A1FB11B706CAE00D77160 /* UIScrollView+MJRefresh.m */ = {isa = PBXFileReference; fileEncoding = 4; lastKnownFileType = sourcecode.c.objc; path = "UIScrollView+MJRefresh.m"; sourceTree = "<group>"; };
		AB7A1FB21B706CAE00D77160 /* UIView+MJExtension.h */ = {isa = PBXFileReference; fileEncoding = 4; lastKnownFileType = sourcecode.c.h; path = "UIView+MJExtension.h"; sourceTree = "<group>"; };
		AB7A1FB31B706CAE00D77160 /* UIView+MJExtension.m */ = {isa = PBXFileReference; fileEncoding = 4; lastKnownFileType = sourcecode.c.objc; path = "UIView+MJExtension.m"; sourceTree = "<group>"; };
		AB7C476E1B75D69900AF2077 /* SwiftNotice.swift */ = {isa = PBXFileReference; fileEncoding = 4; lastKnownFileType = sourcecode.swift; path = SwiftNotice.swift; sourceTree = "<group>"; };
		AB8008CC1B7F021B0038BF89 /* YXL_ItemTableViewController.swift */ = {isa = PBXFileReference; fileEncoding = 4; lastKnownFileType = sourcecode.swift; path = YXL_ItemTableViewController.swift; sourceTree = "<group>"; };
		AB8008CE1B7F03590038BF89 /* YXL2_Storyboard.storyboard */ = {isa = PBXFileReference; fileEncoding = 4; lastKnownFileType = file.storyboard; path = YXL2_Storyboard.storyboard; sourceTree = "<group>"; };
		AB9EFE461B90460400201967 /* MKAnnotationView+WebCache.h */ = {isa = PBXFileReference; fileEncoding = 4; lastKnownFileType = sourcecode.c.h; path = "MKAnnotationView+WebCache.h"; sourceTree = "<group>"; };
		AB9EFE471B90460400201967 /* MKAnnotationView+WebCache.m */ = {isa = PBXFileReference; fileEncoding = 4; lastKnownFileType = sourcecode.c.objc; path = "MKAnnotationView+WebCache.m"; sourceTree = "<group>"; };
		AB9EFE481B90460400201967 /* NSData+ImageContentType.h */ = {isa = PBXFileReference; fileEncoding = 4; lastKnownFileType = sourcecode.c.h; path = "NSData+ImageContentType.h"; sourceTree = "<group>"; };
		AB9EFE491B90460400201967 /* NSData+ImageContentType.m */ = {isa = PBXFileReference; fileEncoding = 4; lastKnownFileType = sourcecode.c.objc; path = "NSData+ImageContentType.m"; sourceTree = "<group>"; };
		AB9EFE4A1B90460400201967 /* SDImageCache.h */ = {isa = PBXFileReference; fileEncoding = 4; lastKnownFileType = sourcecode.c.h; path = SDImageCache.h; sourceTree = "<group>"; };
		AB9EFE4B1B90460400201967 /* SDImageCache.m */ = {isa = PBXFileReference; fileEncoding = 4; lastKnownFileType = sourcecode.c.objc; path = SDImageCache.m; sourceTree = "<group>"; };
		AB9EFE4C1B90460400201967 /* SDWebImageCompat.h */ = {isa = PBXFileReference; fileEncoding = 4; lastKnownFileType = sourcecode.c.h; path = SDWebImageCompat.h; sourceTree = "<group>"; };
		AB9EFE4D1B90460400201967 /* SDWebImageCompat.m */ = {isa = PBXFileReference; fileEncoding = 4; lastKnownFileType = sourcecode.c.objc; path = SDWebImageCompat.m; sourceTree = "<group>"; };
		AB9EFE4E1B90460400201967 /* SDWebImageDecoder.h */ = {isa = PBXFileReference; fileEncoding = 4; lastKnownFileType = sourcecode.c.h; path = SDWebImageDecoder.h; sourceTree = "<group>"; };
		AB9EFE4F1B90460400201967 /* SDWebImageDecoder.m */ = {isa = PBXFileReference; fileEncoding = 4; lastKnownFileType = sourcecode.c.objc; path = SDWebImageDecoder.m; sourceTree = "<group>"; };
		AB9EFE501B90460400201967 /* SDWebImageDownloader.h */ = {isa = PBXFileReference; fileEncoding = 4; lastKnownFileType = sourcecode.c.h; path = SDWebImageDownloader.h; sourceTree = "<group>"; };
		AB9EFE511B90460400201967 /* SDWebImageDownloader.m */ = {isa = PBXFileReference; fileEncoding = 4; lastKnownFileType = sourcecode.c.objc; path = SDWebImageDownloader.m; sourceTree = "<group>"; };
		AB9EFE521B90460400201967 /* SDWebImageDownloaderOperation.h */ = {isa = PBXFileReference; fileEncoding = 4; lastKnownFileType = sourcecode.c.h; path = SDWebImageDownloaderOperation.h; sourceTree = "<group>"; };
		AB9EFE531B90460400201967 /* SDWebImageDownloaderOperation.m */ = {isa = PBXFileReference; fileEncoding = 4; lastKnownFileType = sourcecode.c.objc; path = SDWebImageDownloaderOperation.m; sourceTree = "<group>"; };
		AB9EFE541B90460400201967 /* SDWebImageManager.h */ = {isa = PBXFileReference; fileEncoding = 4; lastKnownFileType = sourcecode.c.h; path = SDWebImageManager.h; sourceTree = "<group>"; };
		AB9EFE551B90460400201967 /* SDWebImageManager.m */ = {isa = PBXFileReference; fileEncoding = 4; lastKnownFileType = sourcecode.c.objc; path = SDWebImageManager.m; sourceTree = "<group>"; };
		AB9EFE561B90460400201967 /* SDWebImageOperation.h */ = {isa = PBXFileReference; fileEncoding = 4; lastKnownFileType = sourcecode.c.h; path = SDWebImageOperation.h; sourceTree = "<group>"; };
		AB9EFE571B90460400201967 /* SDWebImagePrefetcher.h */ = {isa = PBXFileReference; fileEncoding = 4; lastKnownFileType = sourcecode.c.h; path = SDWebImagePrefetcher.h; sourceTree = "<group>"; };
		AB9EFE581B90460400201967 /* SDWebImagePrefetcher.m */ = {isa = PBXFileReference; fileEncoding = 4; lastKnownFileType = sourcecode.c.objc; path = SDWebImagePrefetcher.m; sourceTree = "<group>"; };
		AB9EFE591B90460400201967 /* UIButton+WebCache.h */ = {isa = PBXFileReference; fileEncoding = 4; lastKnownFileType = sourcecode.c.h; path = "UIButton+WebCache.h"; sourceTree = "<group>"; };
		AB9EFE5A1B90460400201967 /* UIButton+WebCache.m */ = {isa = PBXFileReference; fileEncoding = 4; lastKnownFileType = sourcecode.c.objc; path = "UIButton+WebCache.m"; sourceTree = "<group>"; };
		AB9EFE5B1B90460400201967 /* UIImage+GIF.h */ = {isa = PBXFileReference; fileEncoding = 4; lastKnownFileType = sourcecode.c.h; path = "UIImage+GIF.h"; sourceTree = "<group>"; };
		AB9EFE5C1B90460400201967 /* UIImage+GIF.m */ = {isa = PBXFileReference; fileEncoding = 4; lastKnownFileType = sourcecode.c.objc; path = "UIImage+GIF.m"; sourceTree = "<group>"; };
		AB9EFE5D1B90460400201967 /* UIImage+MultiFormat.h */ = {isa = PBXFileReference; fileEncoding = 4; lastKnownFileType = sourcecode.c.h; path = "UIImage+MultiFormat.h"; sourceTree = "<group>"; };
		AB9EFE5E1B90460400201967 /* UIImage+MultiFormat.m */ = {isa = PBXFileReference; fileEncoding = 4; lastKnownFileType = sourcecode.c.objc; path = "UIImage+MultiFormat.m"; sourceTree = "<group>"; };
		AB9EFE5F1B90460400201967 /* UIImage+WebP.h */ = {isa = PBXFileReference; fileEncoding = 4; lastKnownFileType = sourcecode.c.h; path = "UIImage+WebP.h"; sourceTree = "<group>"; };
		AB9EFE601B90460400201967 /* UIImage+WebP.m */ = {isa = PBXFileReference; fileEncoding = 4; lastKnownFileType = sourcecode.c.objc; path = "UIImage+WebP.m"; sourceTree = "<group>"; };
		AB9EFE611B90460400201967 /* UIImageView+HighlightedWebCache.h */ = {isa = PBXFileReference; fileEncoding = 4; lastKnownFileType = sourcecode.c.h; path = "UIImageView+HighlightedWebCache.h"; sourceTree = "<group>"; };
		AB9EFE621B90460400201967 /* UIImageView+HighlightedWebCache.m */ = {isa = PBXFileReference; fileEncoding = 4; lastKnownFileType = sourcecode.c.objc; path = "UIImageView+HighlightedWebCache.m"; sourceTree = "<group>"; };
		AB9EFE631B90460400201967 /* UIImageView+WebCache.h */ = {isa = PBXFileReference; fileEncoding = 4; lastKnownFileType = sourcecode.c.h; path = "UIImageView+WebCache.h"; sourceTree = "<group>"; };
		AB9EFE641B90460400201967 /* UIImageView+WebCache.m */ = {isa = PBXFileReference; fileEncoding = 4; lastKnownFileType = sourcecode.c.objc; path = "UIImageView+WebCache.m"; sourceTree = "<group>"; };
		AB9EFE651B90460400201967 /* UIView+WebCacheOperation.h */ = {isa = PBXFileReference; fileEncoding = 4; lastKnownFileType = sourcecode.c.h; path = "UIView+WebCacheOperation.h"; sourceTree = "<group>"; };
		AB9EFE661B90460400201967 /* UIView+WebCacheOperation.m */ = {isa = PBXFileReference; fileEncoding = 4; lastKnownFileType = sourcecode.c.objc; path = "UIView+WebCacheOperation.m"; sourceTree = "<group>"; };
		AB9EFEB31B90676200201967 /* CNPGridMenu.h */ = {isa = PBXFileReference; fileEncoding = 4; lastKnownFileType = sourcecode.c.h; path = CNPGridMenu.h; sourceTree = "<group>"; };
		AB9EFEB41B90676200201967 /* CNPGridMenu.m */ = {isa = PBXFileReference; fileEncoding = 4; lastKnownFileType = sourcecode.c.objc; path = CNPGridMenu.m; sourceTree = "<group>"; };
		ABA2CE6D1B71F5FE00D2C4A4 /* ArticInformation.swift */ = {isa = PBXFileReference; fileEncoding = 4; lastKnownFileType = sourcecode.swift; path = ArticInformation.swift; sourceTree = "<group>"; };
		ABA2CE701B72070900D2C4A4 /* HttpCollectionData.swift */ = {isa = PBXFileReference; fileEncoding = 4; lastKnownFileType = sourcecode.swift; path = HttpCollectionData.swift; sourceTree = "<group>"; };
		ABA2CEC71B7218B100D2C4A4 /* MenuTableViewCell.swift */ = {isa = PBXFileReference; fileEncoding = 4; lastKnownFileType = sourcecode.swift; path = MenuTableViewCell.swift; sourceTree = "<group>"; };
		ABA2CEC91B7218C700D2C4A4 /* MenuTableViewController.swift */ = {isa = PBXFileReference; fileEncoding = 4; lastKnownFileType = sourcecode.swift; path = MenuTableViewController.swift; sourceTree = "<group>"; };
		ABA2CECC1B721FA700D2C4A4 /* ENSideMenu.swift */ = {isa = PBXFileReference; fileEncoding = 4; lastKnownFileType = sourcecode.swift; path = ENSideMenu.swift; sourceTree = "<group>"; };
		ABA2CECD1B721FA700D2C4A4 /* ENSideMenuNavigationController.swift */ = {isa = PBXFileReference; fileEncoding = 4; lastKnownFileType = sourcecode.swift; path = ENSideMenuNavigationController.swift; sourceTree = "<group>"; };
		ABA2CED01B72203C00D2C4A4 /* MyNavigationViewController.swift */ = {isa = PBXFileReference; fileEncoding = 4; lastKnownFileType = sourcecode.swift; path = MyNavigationViewController.swift; sourceTree = "<group>"; };
		ABA2CED41B72274A00D2C4A4 /* MyMenuTableViewController.swift */ = {isa = PBXFileReference; fileEncoding = 4; lastKnownFileType = sourcecode.swift; path = MyMenuTableViewController.swift; sourceTree = "<group>"; };
		ABBC2C471B95963100D5DAE8 /* Alamofire.xcodeproj */ = {isa = PBXFileReference; lastKnownFileType = "wrapper.pb-project"; name = Alamofire.xcodeproj; path = "Alamofire-swift-2.0/Alamofire.xcodeproj"; sourceTree = "<group>"; };
		ABE387F91B7336EC0028557E /* ItemDetails.swift */ = {isa = PBXFileReference; fileEncoding = 4; lastKnownFileType = sourcecode.swift; path = ItemDetails.swift; sourceTree = "<group>"; };
		ABFC19E51B930C2200516E89 /* SwiftyJSON.xcodeproj */ = {isa = PBXFileReference; lastKnownFileType = "wrapper.pb-project"; name = SwiftyJSON.xcodeproj; path = "SwiftyJSON-xcode7/SwiftyJSON.xcodeproj"; sourceTree = "<group>"; };
		ABFC19FC1B930D8300516E89 /* Pitaya.xcodeproj */ = {isa = PBXFileReference; lastKnownFileType = "wrapper.pb-project"; name = Pitaya.xcodeproj; path = "Pitaya-master/Pitaya/Pitaya.xcodeproj"; sourceTree = "<group>"; };
		CA4E2FA51B85C286004706A1 /* ItemExtension.swift */ = {isa = PBXFileReference; fileEncoding = 4; lastKnownFileType = sourcecode.swift; path = ItemExtension.swift; sourceTree = "<group>"; };
		CA64D0531B744D0600E6786B /* rj_gnsjViewController.swift */ = {isa = PBXFileReference; fileEncoding = 4; lastKnownFileType = sourcecode.swift; path = rj_gnsjViewController.swift; sourceTree = "<group>"; };
		CABCABF11B71B5C400000E02 /* rj_Storyboard.storyboard */ = {isa = PBXFileReference; fileEncoding = 4; lastKnownFileType = file.storyboard; path = rj_Storyboard.storyboard; sourceTree = "<group>"; };
		CABCABFB1B71BA3F00000E02 /* Test1_ViewController.swift */ = {isa = PBXFileReference; fileEncoding = 4; lastKnownFileType = sourcecode.swift; path = Test1_ViewController.swift; sourceTree = "<group>"; };
		CABCAC0D1B720E2000000E02 /* Test2_ViewController.swift */ = {isa = PBXFileReference; fileEncoding = 4; lastKnownFileType = sourcecode.swift; path = Test2_ViewController.swift; sourceTree = "<group>"; };
		CAC7722E1B7093FB00AF9009 /* RJ_SJViewController.swift */ = {isa = PBXFileReference; fileEncoding = 4; lastKnownFileType = sourcecode.swift; path = RJ_SJViewController.swift; sourceTree = "<group>"; };
		CAC772781B709B8700AF9009 /* XLScrollViewer.h */ = {isa = PBXFileReference; fileEncoding = 4; lastKnownFileType = sourcecode.c.h; path = XLScrollViewer.h; sourceTree = "<group>"; };
		CAC772791B709B8700AF9009 /* XLScrollViewer.m */ = {isa = PBXFileReference; fileEncoding = 4; lastKnownFileType = sourcecode.c.objc; path = XLScrollViewer.m; sourceTree = "<group>"; };
		CAC8ECAF1B887DB100C2B183 /* UIImage+JYExtention.h */ = {isa = PBXFileReference; fileEncoding = 4; lastKnownFileType = sourcecode.c.h; path = "UIImage+JYExtention.h"; sourceTree = "<group>"; };
		CAC8ECB01B887DB100C2B183 /* UIImage+JYExtention.m */ = {isa = PBXFileReference; fileEncoding = 4; lastKnownFileType = sourcecode.c.objc; path = "UIImage+JYExtention.m"; sourceTree = "<group>"; };
		CAC8ECC71B8C75DC00C2B183 /* ScrollViewController.swift */ = {isa = PBXFileReference; fileEncoding = 4; lastKnownFileType = sourcecode.swift; name = ScrollViewController.swift; path = Airspeed_iOS/renjie/ScrollViewController.swift; sourceTree = SOURCE_ROOT; };
		CACADEDD1B887426006BA7A5 /* RjTableViewCell.swift */ = {isa = PBXFileReference; fileEncoding = 4; lastKnownFileType = sourcecode.swift; path = RjTableViewCell.swift; sourceTree = "<group>"; };
		CACADEDE1B887426006BA7A5 /* RjTableViewCell.xib */ = {isa = PBXFileReference; fileEncoding = 4; lastKnownFileType = file.xib; path = RjTableViewCell.xib; sourceTree = "<group>"; };
		CB4219011B8D64DD00AEFCCF /* WZ_StoryBoard.storyboard */ = {isa = PBXFileReference; fileEncoding = 4; lastKnownFileType = file.storyboard; name = WZ_StoryBoard.storyboard; path = Airspeed_iOS/wangzhuo/WZ_StoryBoard.storyboard; sourceTree = SOURCE_ROOT; };
		CB4219031B8D64F700AEFCCF /* WZ_auctionViewController.swift */ = {isa = PBXFileReference; fileEncoding = 4; lastKnownFileType = sourcecode.swift; name = WZ_auctionViewController.swift; path = Airspeed_iOS/wangzhuo/WZ_auctionViewController.swift; sourceTree = SOURCE_ROOT; };
		CB4219041B8D64F700AEFCCF /* WZ_myRentViewController.swift */ = {isa = PBXFileReference; fileEncoding = 4; lastKnownFileType = sourcecode.swift; name = WZ_myRentViewController.swift; path = Airspeed_iOS/wangzhuo/WZ_myRentViewController.swift; sourceTree = SOURCE_ROOT; };
		CB4219051B8D64F700AEFCCF /* WZ_myWalletViewController.swift */ = {isa = PBXFileReference; fileEncoding = 4; lastKnownFileType = sourcecode.swift; name = WZ_myWalletViewController.swift; path = Airspeed_iOS/wangzhuo/WZ_myWalletViewController.swift; sourceTree = SOURCE_ROOT; };
		CB4219061B8D64F700AEFCCF /* WZ_onSaleViewController.swift */ = {isa = PBXFileReference; fileEncoding = 4; lastKnownFileType = sourcecode.swift; name = WZ_onSaleViewController.swift; path = Airspeed_iOS/wangzhuo/WZ_onSaleViewController.swift; sourceTree = SOURCE_ROOT; };
		CB4219071B8D64F700AEFCCF /* WZ_UserInfoEditTableViewController.swift */ = {isa = PBXFileReference; fileEncoding = 4; lastKnownFileType = sourcecode.swift; name = WZ_UserInfoEditTableViewController.swift; path = Airspeed_iOS/wangzhuo/WZ_UserInfoEditTableViewController.swift; sourceTree = SOURCE_ROOT; };
		CB4219081B8D64F700AEFCCF /* WZ_UserInformationViewController.swift .swift */ = {isa = PBXFileReference; fileEncoding = 4; lastKnownFileType = sourcecode.swift; name = "WZ_UserInformationViewController.swift .swift"; path = "Airspeed_iOS/wangzhuo/WZ_UserInformationViewController.swift .swift"; sourceTree = SOURCE_ROOT; };
		CB42190F1B8D650C00AEFCCF /* background.jpg */ = {isa = PBXFileReference; lastKnownFileType = image.jpeg; name = background.jpg; path = Airspeed_iOS/wangzhuo/background.jpg; sourceTree = SOURCE_ROOT; };
		CB4219101B8D650C00AEFCCF /* icon.jpg */ = {isa = PBXFileReference; lastKnownFileType = image.jpeg; name = icon.jpg; path = Airspeed_iOS/wangzhuo/icon.jpg; sourceTree = SOURCE_ROOT; };
		CBD80F221B9581700030D47E /* ItemsSimpleInfo.swift */ = {isa = PBXFileReference; fileEncoding = 4; lastKnownFileType = sourcecode.swift; name = ItemsSimpleInfo.swift; path = Airspeed_iOS/wangzhuo/ItemsSimpleInfo.swift; sourceTree = SOURCE_ROOT; };
		CBDAD5001B8D6EDD0096797D /* WZ_onSaleTableViewCell.swift */ = {isa = PBXFileReference; fileEncoding = 4; lastKnownFileType = sourcecode.swift; name = WZ_onSaleTableViewCell.swift; path = Airspeed_iOS/wangzhuo/WZ_onSaleTableViewCell.swift; sourceTree = SOURCE_ROOT; };
		CBDAD5011B8D6EDD0096797D /* WZ_onSaleTableViewCell.xib */ = {isa = PBXFileReference; fileEncoding = 4; lastKnownFileType = file.xib; name = WZ_onSaleTableViewCell.xib; path = Airspeed_iOS/wangzhuo/WZ_onSaleTableViewCell.xib; sourceTree = SOURCE_ROOT; };
		CBE677EF1B95805700FBF91E /* auction.storyboard */ = {isa = PBXFileReference; fileEncoding = 4; lastKnownFileType = file.storyboard; name = auction.storyboard; path = Airspeed_iOS/wangzhuo/auction.storyboard; sourceTree = SOURCE_ROOT; };
		CBE677F01B95805700FBF91E /* EditUserInfo.storyboard */ = {isa = PBXFileReference; fileEncoding = 4; lastKnownFileType = file.storyboard; name = EditUserInfo.storyboard; path = Airspeed_iOS/wangzhuo/EditUserInfo.storyboard; sourceTree = SOURCE_ROOT; };
		CBE677F11B95805700FBF91E /* myRent.storyboard */ = {isa = PBXFileReference; fileEncoding = 4; lastKnownFileType = file.storyboard; name = myRent.storyboard; path = Airspeed_iOS/wangzhuo/myRent.storyboard; sourceTree = SOURCE_ROOT; };
		CBE677F21B95805700FBF91E /* myWallet.storyboard */ = {isa = PBXFileReference; fileEncoding = 4; lastKnownFileType = file.storyboard; name = myWallet.storyboard; path = Airspeed_iOS/wangzhuo/myWallet.storyboard; sourceTree = SOURCE_ROOT; };
		CBE677F31B95805700FBF91E /* onSale.storyboard */ = {isa = PBXFileReference; fileEncoding = 4; lastKnownFileType = file.storyboard; name = onSale.storyboard; path = Airspeed_iOS/wangzhuo/onSale.storyboard; sourceTree = SOURCE_ROOT; };
/* End PBXFileReference section */

/* Begin PBXFrameworksBuildPhase section */
		AB4A2E321B38F7050023F291 /* Frameworks */ = {
			isa = PBXFrameworksBuildPhase;
			buildActionMask = 2147483647;
			files = (
				ABFC1A051B930D8900516E89 /* Pitaya.framework in Frameworks */,
				ABBC2C5D1B95964900D5DAE8 /* Alamofire.framework in Frameworks */,
				ABFC19F41B930C2D00516E89 /* SwiftyJSON.framework in Frameworks */,
			);
			runOnlyForDeploymentPostprocessing = 0;
		};
/* End PBXFrameworksBuildPhase section */

/* Begin PBXGroup section */
		AB4A2E2C1B38F7050023F291 = {
			isa = PBXGroup;
			children = (
				ABBC2C471B95963100D5DAE8 /* Alamofire.xcodeproj */,
				ABFC19FC1B930D8300516E89 /* Pitaya.xcodeproj */,
				ABFC19E51B930C2200516E89 /* SwiftyJSON.xcodeproj */,
				AB4A2E371B38F7050023F291 /* Airspeed_iOS */,
				AB4A2E361B38F7050023F291 /* Products */,
			);
			sourceTree = "<group>";
		};
		AB4A2E361B38F7050023F291 /* Products */ = {
			isa = PBXGroup;
			children = (
				AB4A2E351B38F7050023F291 /* SherryDo.app */,
			);
			name = Products;
			sourceTree = "<group>";
		};
		AB4A2E371B38F7050023F291 /* Airspeed_iOS */ = {
			isa = PBXGroup;
			children = (
				AB4A2E511B392D790023F291 /* common */,
				AB4A2E501B392D510023F291 /* Data */,
				CAC8ECC61B8C737300C2B183 /* Welcome */,
				CBF07FA31B76F86F008BA69F /* wangzhuo */,
				AB4A2E4D1B392D340023F291 /* renjie */,
				AB4A2E4F1B392D340023F291 /* xiaolei */,
			);
			path = Airspeed_iOS;
			sourceTree = "<group>";
		};
		AB4A2E4D1B392D340023F291 /* renjie */ = {
			isa = PBXGroup;
			children = (
				CABCABF11B71B5C400000E02 /* rj_Storyboard.storyboard */,
				CA4E2FA41B85C248004706A1 /* Rj_Model */,
				CAC772841B70A4AE00AF9009 /* Controller */,
				CAC772771B709B8700AF9009 /* XLScrollViewer */,
				CAC8ECAE1B887DB100C2B183 /* UIImage+JYExtention */,
			);
			path = renjie;
			sourceTree = "<group>";
		};
		AB4A2E4F1B392D340023F291 /* xiaolei */ = {
			isa = PBXGroup;
			children = (
				ABAD850C1B724B4E0010E923 /* libary */,
				ABA2CED61B72280900D2C4A4 /* view */,
				ABA2CE6F1B72041B00D2C4A4 /* API */,
				AB536FCE1B6F125F004B75B8 /* model */,
				AB536FCD1B6F1248004B75B8 /* controller */,
				AB4A2E521B392DC30023F291 /* YXL_Storyboard.storyboard */,
				AB8008CE1B7F03590038BF89 /* YXL2_Storyboard.storyboard */,
				AB8008CC1B7F021B0038BF89 /* YXL_ItemTableViewController.swift */,
			);
			path = xiaolei;
			sourceTree = "<group>";
		};
		AB4A2E501B392D510023F291 /* Data */ = {
			isa = PBXGroup;
			children = (
				AB4A2E3F1B38F7050023F291 /* Airspeed_iOS.xcdatamodeld */,
			);
			path = Data;
			sourceTree = "<group>";
		};
		AB4A2E511B392D790023F291 /* common */ = {
			isa = PBXGroup;
			children = (
				AB4A2E381B38F7050023F291 /* AppDelegate.swift */,
				AB4A2E561B392EC40023F291 /* MainViewController.swift */,
				AB4A2E3C1B38F7050023F291 /* Main.storyboard */,
				AB4A2E421B38F7050023F291 /* Assets.xcassets */,
				AB4A2E441B38F7050023F291 /* LaunchScreen.storyboard */,
				AB4A2E471B38F7050023F291 /* Info.plist */,
				AB536FDC1B6F5195004B75B8 /* Airspeed_iOS-Bridging-Header.h */,
			);
			name = common;
			sourceTree = "<group>";
		};
		AB536FCD1B6F1248004B75B8 /* controller */ = {
			isa = PBXGroup;
			children = (
				ABA2CEC91B7218C700D2C4A4 /* MenuTableViewController.swift */,
				ABA2CEC71B7218B100D2C4A4 /* MenuTableViewCell.swift */,
				AB4A63C71B8605020040DEEA /* YXL_InforMationViewController.swift */,
			);
			name = controller;
			sourceTree = "<group>";
		};
		AB536FCE1B6F125F004B75B8 /* model */ = {
			isa = PBXGroup;
			children = (
				AB536FCA1B6F003D004B75B8 /* MenuCellList.swift */,
				ABA2CE6D1B71F5FE00D2C4A4 /* ArticInformation.swift */,
				ABE387F91B7336EC0028557E /* ItemDetails.swift */,
			);
			name = model;
			sourceTree = "<group>";
		};
		AB7A1F871B706CAE00D77160 /* MJRefresh */ = {
			isa = PBXGroup;
			children = (
				AB7A1F881B706CAE00D77160 /* Base */,
				AB7A1F931B706CAE00D77160 /* Custom */,
				AB7A1FAA1B706CAE00D77160 /* MJRefresh.bundle */,
				AB7A1FAB1B706CAE00D77160 /* MJRefresh.h */,
				AB7A1FAC1B706CAE00D77160 /* MJRefreshConst.h */,
				AB7A1FAD1B706CAE00D77160 /* MJRefreshConst.m */,
				AB7A1FAE1B706CAE00D77160 /* UIScrollView+MJExtension.h */,
				AB7A1FAF1B706CAE00D77160 /* UIScrollView+MJExtension.m */,
				AB7A1FB01B706CAE00D77160 /* UIScrollView+MJRefresh.h */,
				AB7A1FB11B706CAE00D77160 /* UIScrollView+MJRefresh.m */,
				AB7A1FB21B706CAE00D77160 /* UIView+MJExtension.h */,
				AB7A1FB31B706CAE00D77160 /* UIView+MJExtension.m */,
			);
			name = MJRefresh;
			path = ../MJRefresh;
			sourceTree = "<group>";
		};
		AB7A1F881B706CAE00D77160 /* Base */ = {
			isa = PBXGroup;
			children = (
				AB7A1F891B706CAE00D77160 /* MJRefreshAutoFooter.h */,
				AB7A1F8A1B706CAE00D77160 /* MJRefreshAutoFooter.m */,
				AB7A1F8B1B706CAE00D77160 /* MJRefreshBackFooter.h */,
				AB7A1F8C1B706CAE00D77160 /* MJRefreshBackFooter.m */,
				AB7A1F8D1B706CAE00D77160 /* MJRefreshComponent.h */,
				AB7A1F8E1B706CAE00D77160 /* MJRefreshComponent.m */,
				AB7A1F8F1B706CAE00D77160 /* MJRefreshFooter.h */,
				AB7A1F901B706CAE00D77160 /* MJRefreshFooter.m */,
				AB7A1F911B706CAE00D77160 /* MJRefreshHeader.h */,
				AB7A1F921B706CAE00D77160 /* MJRefreshHeader.m */,
			);
			path = Base;
			sourceTree = "<group>";
		};
		AB7A1F931B706CAE00D77160 /* Custom */ = {
			isa = PBXGroup;
			children = (
				AB7A1F941B706CAE00D77160 /* Footer */,
				AB7A1FA31B706CAE00D77160 /* Header */,
			);
			path = Custom;
			sourceTree = "<group>";
		};
		AB7A1F941B706CAE00D77160 /* Footer */ = {
			isa = PBXGroup;
			children = (
				AB7A1F951B706CAE00D77160 /* Auto */,
				AB7A1F9C1B706CAE00D77160 /* Back */,
			);
			path = Footer;
			sourceTree = "<group>";
		};
		AB7A1F951B706CAE00D77160 /* Auto */ = {
			isa = PBXGroup;
			children = (
				AB7A1F961B706CAE00D77160 /* MJRefreshAutoGifFooter.h */,
				AB7A1F971B706CAE00D77160 /* MJRefreshAutoGifFooter.m */,
				AB7A1F981B706CAE00D77160 /* MJRefreshAutoNormalFooter.h */,
				AB7A1F991B706CAE00D77160 /* MJRefreshAutoNormalFooter.m */,
				AB7A1F9A1B706CAE00D77160 /* MJRefreshAutoStateFooter.h */,
				AB7A1F9B1B706CAE00D77160 /* MJRefreshAutoStateFooter.m */,
			);
			path = Auto;
			sourceTree = "<group>";
		};
		AB7A1F9C1B706CAE00D77160 /* Back */ = {
			isa = PBXGroup;
			children = (
				AB7A1F9D1B706CAE00D77160 /* MJRefreshBackGifFooter.h */,
				AB7A1F9E1B706CAE00D77160 /* MJRefreshBackGifFooter.m */,
				AB7A1F9F1B706CAE00D77160 /* MJRefreshBackNormalFooter.h */,
				AB7A1FA01B706CAE00D77160 /* MJRefreshBackNormalFooter.m */,
				AB7A1FA11B706CAE00D77160 /* MJRefreshBackStateFooter.h */,
				AB7A1FA21B706CAE00D77160 /* MJRefreshBackStateFooter.m */,
			);
			path = Back;
			sourceTree = "<group>";
		};
		AB7A1FA31B706CAE00D77160 /* Header */ = {
			isa = PBXGroup;
			children = (
				AB7A1FA41B706CAE00D77160 /* MJRefreshGifHeader.h */,
				AB7A1FA51B706CAE00D77160 /* MJRefreshGifHeader.m */,
				AB7A1FA61B706CAE00D77160 /* MJRefreshNormalHeader.h */,
				AB7A1FA71B706CAE00D77160 /* MJRefreshNormalHeader.m */,
				AB7A1FA81B706CAE00D77160 /* MJRefreshStateHeader.h */,
				AB7A1FA91B706CAE00D77160 /* MJRefreshStateHeader.m */,
			);
			path = Header;
			sourceTree = "<group>";
		};
		AB9EFE451B90460400201967 /* SDWebImage */ = {
			isa = PBXGroup;
			children = (
				AB9EFE461B90460400201967 /* MKAnnotationView+WebCache.h */,
				AB9EFE471B90460400201967 /* MKAnnotationView+WebCache.m */,
				AB9EFE481B90460400201967 /* NSData+ImageContentType.h */,
				AB9EFE491B90460400201967 /* NSData+ImageContentType.m */,
				AB9EFE4A1B90460400201967 /* SDImageCache.h */,
				AB9EFE4B1B90460400201967 /* SDImageCache.m */,
				AB9EFE4C1B90460400201967 /* SDWebImageCompat.h */,
				AB9EFE4D1B90460400201967 /* SDWebImageCompat.m */,
				AB9EFE4E1B90460400201967 /* SDWebImageDecoder.h */,
				AB9EFE4F1B90460400201967 /* SDWebImageDecoder.m */,
				AB9EFE501B90460400201967 /* SDWebImageDownloader.h */,
				AB9EFE511B90460400201967 /* SDWebImageDownloader.m */,
				AB9EFE521B90460400201967 /* SDWebImageDownloaderOperation.h */,
				AB9EFE531B90460400201967 /* SDWebImageDownloaderOperation.m */,
				AB9EFE541B90460400201967 /* SDWebImageManager.h */,
				AB9EFE551B90460400201967 /* SDWebImageManager.m */,
				AB9EFE561B90460400201967 /* SDWebImageOperation.h */,
				AB9EFE571B90460400201967 /* SDWebImagePrefetcher.h */,
				AB9EFE581B90460400201967 /* SDWebImagePrefetcher.m */,
				AB9EFE591B90460400201967 /* UIButton+WebCache.h */,
				AB9EFE5A1B90460400201967 /* UIButton+WebCache.m */,
				AB9EFE5B1B90460400201967 /* UIImage+GIF.h */,
				AB9EFE5C1B90460400201967 /* UIImage+GIF.m */,
				AB9EFE5D1B90460400201967 /* UIImage+MultiFormat.h */,
				AB9EFE5E1B90460400201967 /* UIImage+MultiFormat.m */,
				AB9EFE5F1B90460400201967 /* UIImage+WebP.h */,
				AB9EFE601B90460400201967 /* UIImage+WebP.m */,
				AB9EFE611B90460400201967 /* UIImageView+HighlightedWebCache.h */,
				AB9EFE621B90460400201967 /* UIImageView+HighlightedWebCache.m */,
				AB9EFE631B90460400201967 /* UIImageView+WebCache.h */,
				AB9EFE641B90460400201967 /* UIImageView+WebCache.m */,
				AB9EFE651B90460400201967 /* UIView+WebCacheOperation.h */,
				AB9EFE661B90460400201967 /* UIView+WebCacheOperation.m */,
			);
			path = SDWebImage;
			sourceTree = "<group>";
		};
		AB9EFEB21B90676200201967 /* CNPGridMenu */ = {
			isa = PBXGroup;
			children = (
				AB9EFEB31B90676200201967 /* CNPGridMenu.h */,
				AB9EFEB41B90676200201967 /* CNPGridMenu.m */,
			);
			path = CNPGridMenu;
			sourceTree = "<group>";
		};
		ABA2CE6F1B72041B00D2C4A4 /* API */ = {
			isa = PBXGroup;
			children = (
				ABA2CE701B72070900D2C4A4 /* HttpCollectionData.swift */,
			);
			name = API;
			sourceTree = "<group>";
		};
		ABA2CED61B72280900D2C4A4 /* view */ = {
			isa = PBXGroup;
			children = (
				ABA2CED71B722DA200D2C4A4 /* menu */,
			);
			name = view;
			sourceTree = "<group>";
		};
		ABA2CED71B722DA200D2C4A4 /* menu */ = {
			isa = PBXGroup;
			children = (
				ABA2CED41B72274A00D2C4A4 /* MyMenuTableViewController.swift */,
				ABA2CED01B72203C00D2C4A4 /* MyNavigationViewController.swift */,
			);
			name = menu;
			sourceTree = "<group>";
		};
		ABAD850C1B724B4E0010E923 /* libary */ = {
			isa = PBXGroup;
			children = (
				AB9EFEB21B90676200201967 /* CNPGridMenu */,
				AB9EFE451B90460400201967 /* SDWebImage */,
				AB7C476E1B75D69900AF2077 /* SwiftNotice.swift */,
				ABAD850D1B724B5F0010E923 /* sideMenu */,
				AB7A1F871B706CAE00D77160 /* MJRefresh */,
			);
			name = libary;
			sourceTree = "<group>";
		};
		ABAD850D1B724B5F0010E923 /* sideMenu */ = {
			isa = PBXGroup;
			children = (
				ABA2CECD1B721FA700D2C4A4 /* ENSideMenuNavigationController.swift */,
				ABA2CECC1B721FA700D2C4A4 /* ENSideMenu.swift */,
			);
			name = sideMenu;
			sourceTree = "<group>";
		};
		ABBC2C481B95963100D5DAE8 /* Products */ = {
			isa = PBXGroup;
			children = (
				ABBC2C501B95963100D5DAE8 /* Alamofire.framework */,
				ABBC2C521B95963100D5DAE8 /* Alamofire.framework */,
				ABBC2C541B95963100D5DAE8 /* Alamofire.framework */,
				ABBC2C561B95963100D5DAE8 /* Alamofire iOS Tests.xctest */,
				ABBC2C581B95963100D5DAE8 /* Alamofire OSX Tests.xctest */,
			);
			name = Products;
			sourceTree = "<group>";
		};
		ABFC19E61B930C2200516E89 /* Products */ = {
			isa = PBXGroup;
			children = (
				ABFC19ED1B930C2300516E89 /* SwiftyJSON.framework */,
				ABFC19EF1B930C2300516E89 /* SwiftyJSON iOS Tests.xctest */,
				ABFC19F11B930C2300516E89 /* SwiftyJSON.framework */,
				ABFC19F31B930C2300516E89 /* SwiftyJSON OSX Tests.xctest */,
			);
			name = Products;
			sourceTree = "<group>";
		};
		ABFC19FD1B930D8300516E89 /* Products */ = {
			isa = PBXGroup;
			children = (
				ABFC1A021B930D8300516E89 /* Pitaya.framework */,
				ABFC1A041B930D8300516E89 /* PitayaTests.xctest */,
			);
			name = Products;
			sourceTree = "<group>";
		};
		CA4E2FA41B85C248004706A1 /* Rj_Model */ = {
			isa = PBXGroup;
			children = (
				CA4E2FA51B85C286004706A1 /* ItemExtension.swift */,
			);
			name = Rj_Model;
			sourceTree = "<group>";
		};
		CAC772771B709B8700AF9009 /* XLScrollViewer */ = {
			isa = PBXGroup;
			children = (
				CAC772781B709B8700AF9009 /* XLScrollViewer.h */,
				CAC772791B709B8700AF9009 /* XLScrollViewer.m */,
			);
			name = XLScrollViewer;
			path = ../XLScrollViewer;
			sourceTree = "<group>";
		};
		CAC772841B70A4AE00AF9009 /* Controller */ = {
			isa = PBXGroup;
			children = (
				CAC7722E1B7093FB00AF9009 /* RJ_SJViewController.swift */,
				CABCAC0D1B720E2000000E02 /* Test2_ViewController.swift */,
				CABCABFB1B71BA3F00000E02 /* Test1_ViewController.swift */,
				CACADEDD1B887426006BA7A5 /* RjTableViewCell.swift */,
				CACADEDE1B887426006BA7A5 /* RjTableViewCell.xib */,
				CA64D0531B744D0600E6786B /* rj_gnsjViewController.swift */,
			);
			name = Controller;
			sourceTree = "<group>";
		};
		CAC8ECAE1B887DB100C2B183 /* UIImage+JYExtention */ = {
			isa = PBXGroup;
			children = (
				CAC8ECAF1B887DB100C2B183 /* UIImage+JYExtention.h */,
				CAC8ECB01B887DB100C2B183 /* UIImage+JYExtention.m */,
			);
			name = "UIImage+JYExtention";
			path = "../XLScrollViewer/UIImage+JYExtention";
			sourceTree = "<group>";
		};
		CAC8ECC61B8C737300C2B183 /* Welcome */ = {
			isa = PBXGroup;
			children = (
				CAC8ECC71B8C75DC00C2B183 /* ScrollViewController.swift */,
			);
			name = Welcome;
			path = Data;
			sourceTree = "<group>";
		};
		CB4219171B8D677E00AEFCCF /* 我的拍卖 */ = {
			isa = PBXGroup;
			children = (
				CBE677EF1B95805700FBF91E /* auction.storyboard */,
				CB4219031B8D64F700AEFCCF /* WZ_auctionViewController.swift */,
			);
			name = "我的拍卖";
			sourceTree = "<group>";
		};
		CB4219181B8D679800AEFCCF /* 我的租赁 */ = {
			isa = PBXGroup;
			children = (
				CBE677F11B95805700FBF91E /* myRent.storyboard */,
				CB4219041B8D64F700AEFCCF /* WZ_myRentViewController.swift */,
			);
			name = "我的租赁";
			sourceTree = "<group>";
		};
		CB4219191B8D67B500AEFCCF /* 我的钱包 */ = {
			isa = PBXGroup;
			children = (
				CBE677F21B95805700FBF91E /* myWallet.storyboard */,
				CB4219051B8D64F700AEFCCF /* WZ_myWalletViewController.swift */,
			);
			name = "我的钱包";
			sourceTree = "<group>";
		};
		CB42191A1B8D67C500AEFCCF /* 我的上架 */ = {
			isa = PBXGroup;
			children = (
				CBE677F31B95805700FBF91E /* onSale.storyboard */,
				CB4219061B8D64F700AEFCCF /* WZ_onSaleViewController.swift */,
				CBDAD5001B8D6EDD0096797D /* WZ_onSaleTableViewCell.swift */,
				CBDAD5011B8D6EDD0096797D /* WZ_onSaleTableViewCell.xib */,
			);
			name = "我的上架";
			sourceTree = "<group>";
		};
		CBD80F1D1B95815E0030D47E /* model */ = {
			isa = PBXGroup;
			children = (
				CBD80F221B9581700030D47E /* ItemsSimpleInfo.swift */,
			);
			name = model;
			sourceTree = "<group>";
		};
		CBECF9291B76F950002DCD6E /* testFiles */ = {
			isa = PBXGroup;
			children = (
				CB42190F1B8D650C00AEFCCF /* background.jpg */,
				CB4219101B8D650C00AEFCCF /* icon.jpg */,
			);
			name = testFiles;
			sourceTree = "<group>";
		};
		CBECF92A1B76F967002DCD6E /* ViewController */ = {
			isa = PBXGroup;
			children = (
				CBE677F01B95805700FBF91E /* EditUserInfo.storyboard */,
				CB4219081B8D64F700AEFCCF /* WZ_UserInformationViewController.swift .swift */,
				CB4219071B8D64F700AEFCCF /* WZ_UserInfoEditTableViewController.swift */,
				CB42191A1B8D67C500AEFCCF /* 我的上架 */,
				CB4219181B8D679800AEFCCF /* 我的租赁 */,
				CB4219171B8D677E00AEFCCF /* 我的拍卖 */,
				CB4219191B8D67B500AEFCCF /* 我的钱包 */,
			);
			name = ViewController;
			sourceTree = "<group>";
		};
		CBF07FA31B76F86F008BA69F /* wangzhuo */ = {
			isa = PBXGroup;
			children = (
				CB4219011B8D64DD00AEFCCF /* WZ_StoryBoard.storyboard */,
				CBD80F1D1B95815E0030D47E /* model */,
				CBECF92A1B76F967002DCD6E /* ViewController */,
				CBECF9291B76F950002DCD6E /* testFiles */,
			);
			path = wangzhuo;
			sourceTree = SOURCE_ROOT;
		};
/* End PBXGroup section */

/* Begin PBXNativeTarget section */
		AB4A2E341B38F7050023F291 /* Airspeed_iOS */ = {
			isa = PBXNativeTarget;
			buildConfigurationList = AB4A2E4A1B38F7050023F291 /* Build configuration list for PBXNativeTarget "Airspeed_iOS" */;
			buildPhases = (
				AB4A2E311B38F7050023F291 /* Sources */,
				AB4A2E321B38F7050023F291 /* Frameworks */,
				AB4A2E331B38F7050023F291 /* Resources */,
				AB9EFE221B8FE86A00201967 /* Embed Frameworks */,
			);
			buildRules = (
			);
			dependencies = (
				ABFC19F71B930C2D00516E89 /* PBXTargetDependency */,
				ABFC1A081B930D8900516E89 /* PBXTargetDependency */,
				ABBC2C601B95964900D5DAE8 /* PBXTargetDependency */,
			);
			name = Airspeed_iOS;
			productName = Airspeed_iOS;
			productReference = AB4A2E351B38F7050023F291 /* SherryDo.app */;
			productType = "com.apple.product-type.application";
		};
/* End PBXNativeTarget section */

/* Begin PBXProject section */
		AB4A2E2D1B38F7050023F291 /* Project object */ = {
			isa = PBXProject;
			attributes = {
				LastSwiftUpdateCheck = 0700;
				LastUpgradeCheck = 0700;
				ORGANIZATIONNAME = SherryTeam;
				TargetAttributes = {
					AB4A2E341B38F7050023F291 = {
						CreatedOnToolsVersion = 7.0;
					};
				};
			};
			buildConfigurationList = AB4A2E301B38F7050023F291 /* Build configuration list for PBXProject "Airspeed_iOS" */;
			compatibilityVersion = "Xcode 3.2";
			developmentRegion = English;
			hasScannedForEncodings = 0;
			knownRegions = (
				en,
				Base,
			);
			mainGroup = AB4A2E2C1B38F7050023F291;
			productRefGroup = AB4A2E361B38F7050023F291 /* Products */;
			projectDirPath = "";
			projectReferences = (
				{
					ProductGroup = ABBC2C481B95963100D5DAE8 /* Products */;
					ProjectRef = ABBC2C471B95963100D5DAE8 /* Alamofire.xcodeproj */;
				},
				{
					ProductGroup = ABFC19FD1B930D8300516E89 /* Products */;
					ProjectRef = ABFC19FC1B930D8300516E89 /* Pitaya.xcodeproj */;
				},
				{
					ProductGroup = ABFC19E61B930C2200516E89 /* Products */;
					ProjectRef = ABFC19E51B930C2200516E89 /* SwiftyJSON.xcodeproj */;
				},
			);
			projectRoot = "";
			targets = (
				AB4A2E341B38F7050023F291 /* Airspeed_iOS */,
			);
		};
/* End PBXProject section */

/* Begin PBXReferenceProxy section */
		ABBC2C501B95963100D5DAE8 /* Alamofire.framework */ = {
			isa = PBXReferenceProxy;
			fileType = wrapper.framework;
			path = Alamofire.framework;
			remoteRef = ABBC2C4F1B95963100D5DAE8 /* PBXContainerItemProxy */;
			sourceTree = BUILT_PRODUCTS_DIR;
		};
		ABBC2C521B95963100D5DAE8 /* Alamofire.framework */ = {
			isa = PBXReferenceProxy;
			fileType = wrapper.framework;
			path = Alamofire.framework;
			remoteRef = ABBC2C511B95963100D5DAE8 /* PBXContainerItemProxy */;
			sourceTree = BUILT_PRODUCTS_DIR;
		};
		ABBC2C541B95963100D5DAE8 /* Alamofire.framework */ = {
			isa = PBXReferenceProxy;
			fileType = wrapper.framework;
			path = Alamofire.framework;
			remoteRef = ABBC2C531B95963100D5DAE8 /* PBXContainerItemProxy */;
			sourceTree = BUILT_PRODUCTS_DIR;
		};
		ABBC2C561B95963100D5DAE8 /* Alamofire iOS Tests.xctest */ = {
			isa = PBXReferenceProxy;
			fileType = wrapper.cfbundle;
			path = "Alamofire iOS Tests.xctest";
			remoteRef = ABBC2C551B95963100D5DAE8 /* PBXContainerItemProxy */;
			sourceTree = BUILT_PRODUCTS_DIR;
		};
		ABBC2C581B95963100D5DAE8 /* Alamofire OSX Tests.xctest */ = {
			isa = PBXReferenceProxy;
			fileType = wrapper.cfbundle;
			path = "Alamofire OSX Tests.xctest";
			remoteRef = ABBC2C571B95963100D5DAE8 /* PBXContainerItemProxy */;
			sourceTree = BUILT_PRODUCTS_DIR;
		};
		ABFC19ED1B930C2300516E89 /* SwiftyJSON.framework */ = {
			isa = PBXReferenceProxy;
			fileType = wrapper.framework;
			path = SwiftyJSON.framework;
			remoteRef = ABFC19EC1B930C2300516E89 /* PBXContainerItemProxy */;
			sourceTree = BUILT_PRODUCTS_DIR;
		};
		ABFC19EF1B930C2300516E89 /* SwiftyJSON iOS Tests.xctest */ = {
			isa = PBXReferenceProxy;
			fileType = wrapper.cfbundle;
			path = "SwiftyJSON iOS Tests.xctest";
			remoteRef = ABFC19EE1B930C2300516E89 /* PBXContainerItemProxy */;
			sourceTree = BUILT_PRODUCTS_DIR;
		};
		ABFC19F11B930C2300516E89 /* SwiftyJSON.framework */ = {
			isa = PBXReferenceProxy;
			fileType = wrapper.framework;
			path = SwiftyJSON.framework;
			remoteRef = ABFC19F01B930C2300516E89 /* PBXContainerItemProxy */;
			sourceTree = BUILT_PRODUCTS_DIR;
		};
		ABFC19F31B930C2300516E89 /* SwiftyJSON OSX Tests.xctest */ = {
			isa = PBXReferenceProxy;
			fileType = wrapper.cfbundle;
			path = "SwiftyJSON OSX Tests.xctest";
			remoteRef = ABFC19F21B930C2300516E89 /* PBXContainerItemProxy */;
			sourceTree = BUILT_PRODUCTS_DIR;
		};
		ABFC1A021B930D8300516E89 /* Pitaya.framework */ = {
			isa = PBXReferenceProxy;
			fileType = wrapper.framework;
			path = Pitaya.framework;
			remoteRef = ABFC1A011B930D8300516E89 /* PBXContainerItemProxy */;
			sourceTree = BUILT_PRODUCTS_DIR;
		};
		ABFC1A041B930D8300516E89 /* PitayaTests.xctest */ = {
			isa = PBXReferenceProxy;
			fileType = wrapper.cfbundle;
			path = PitayaTests.xctest;
			remoteRef = ABFC1A031B930D8300516E89 /* PBXContainerItemProxy */;
			sourceTree = BUILT_PRODUCTS_DIR;
		};
/* End PBXReferenceProxy section */

/* Begin PBXResourcesBuildPhase section */
		AB4A2E331B38F7050023F291 /* Resources */ = {
			isa = PBXResourcesBuildPhase;
			buildActionMask = 2147483647;
			files = (
				AB8008CF1B7F03590038BF89 /* YXL2_Storyboard.storyboard in Resources */,
				CB4219111B8D650C00AEFCCF /* background.jpg in Resources */,
				CBE677F81B95805700FBF91E /* myRent.storyboard in Resources */,
				AB4A2E461B38F7050023F291 /* LaunchScreen.storyboard in Resources */,
				AB4A2E531B392DC30023F291 /* YXL_Storyboard.storyboard in Resources */,
				CACADEE01B887426006BA7A5 /* RjTableViewCell.xib in Resources */,
				CABCABF21B71B5C400000E02 /* rj_Storyboard.storyboard in Resources */,
				CB4219121B8D650C00AEFCCF /* icon.jpg in Resources */,
				AB4A2E431B38F7050023F291 /* Assets.xcassets in Resources */,
				CBDAD5031B8D6EDD0096797D /* WZ_onSaleTableViewCell.xib in Resources */,
				CBE677FA1B95805700FBF91E /* onSale.storyboard in Resources */,
				CBE677F61B95805700FBF91E /* auction.storyboard in Resources */,
				AB4A2E3E1B38F7050023F291 /* Main.storyboard in Resources */,
				CB4219021B8D64DD00AEFCCF /* WZ_StoryBoard.storyboard in Resources */,
				AB7A1FC21B706CAE00D77160 /* MJRefresh.bundle in Resources */,
				CBE677F71B95805700FBF91E /* EditUserInfo.storyboard in Resources */,
				CBE677F91B95805700FBF91E /* myWallet.storyboard in Resources */,
			);
			runOnlyForDeploymentPostprocessing = 0;
		};
/* End PBXResourcesBuildPhase section */

/* Begin PBXSourcesBuildPhase section */
		AB4A2E311B38F7050023F291 /* Sources */ = {
			isa = PBXSourcesBuildPhase;
			buildActionMask = 2147483647;
			files = (
				ABA2CE6E1B71F5FE00D2C4A4 /* ArticInformation.swift in Sources */,
				CABCABFC1B71BA3F00000E02 /* Test1_ViewController.swift in Sources */,
				AB9EFE741B90460400201967 /* UIImageView+HighlightedWebCache.m in Sources */,
				CAC7727A1B709B8700AF9009 /* XLScrollViewer.m in Sources */,
				AB9EFE761B90460400201967 /* UIView+WebCacheOperation.m in Sources */,
				AB9EFE6D1B90460400201967 /* SDWebImageDownloaderOperation.m in Sources */,
				AB7A1FC11B706CAE00D77160 /* MJRefreshStateHeader.m in Sources */,
				CABCAC0E1B720E2000000E02 /* Test2_ViewController.swift in Sources */,
				AB8008CD1B7F021B0038BF89 /* YXL_ItemTableViewController.swift in Sources */,
				CAC7722F1B7093FB00AF9009 /* RJ_SJViewController.swift in Sources */,
				CAC8ECB11B887DB100C2B183 /* UIImage+JYExtention.m in Sources */,
				CB4219091B8D64F700AEFCCF /* WZ_auctionViewController.swift in Sources */,
				CB42190C1B8D64F700AEFCCF /* WZ_onSaleViewController.swift in Sources */,
				AB7A1FC61B706CAE00D77160 /* UIView+MJExtension.m in Sources */,
				CBDAD5021B8D6EDD0096797D /* WZ_onSaleTableViewCell.swift in Sources */,
				ABA2CED11B72203C00D2C4A4 /* MyNavigationViewController.swift in Sources */,
				AB4A2E411B38F7050023F291 /* Airspeed_iOS.xcdatamodeld in Sources */,
				AB9EFE671B90460400201967 /* MKAnnotationView+WebCache.m in Sources */,
				AB536FCB1B6F003D004B75B8 /* MenuCellList.swift in Sources */,
				AB7A1FC51B706CAE00D77160 /* UIScrollView+MJRefresh.m in Sources */,
				ABA2CED51B72274A00D2C4A4 /* MyMenuTableViewController.swift in Sources */,
				AB7A1FBD1B706CAE00D77160 /* MJRefreshBackNormalFooter.m in Sources */,
				CA4E2FA61B85C286004706A1 /* ItemExtension.swift in Sources */,
				AB9EFE6E1B90460400201967 /* SDWebImageManager.m in Sources */,
				AB9EFEB51B90676200201967 /* CNPGridMenu.m in Sources */,
				AB7A1FC01B706CAE00D77160 /* MJRefreshNormalHeader.m in Sources */,
				AB7A1FBA1B706CAE00D77160 /* MJRefreshAutoNormalFooter.m in Sources */,
				AB9EFE721B90460400201967 /* UIImage+MultiFormat.m in Sources */,
				AB9EFE6F1B90460400201967 /* SDWebImagePrefetcher.m in Sources */,
				AB9EFE751B90460400201967 /* UIImageView+WebCache.m in Sources */,
				AB7A1FB51B706CAE00D77160 /* MJRefreshBackFooter.m in Sources */,
				AB7A1FBB1B706CAE00D77160 /* MJRefreshAutoStateFooter.m in Sources */,
				CBD80F231B9581700030D47E /* ItemsSimpleInfo.swift in Sources */,
				CB42190A1B8D64F700AEFCCF /* WZ_myRentViewController.swift in Sources */,
				AB7A1FBF1B706CAE00D77160 /* MJRefreshGifHeader.m in Sources */,
				AB7A1FB91B706CAE00D77160 /* MJRefreshAutoGifFooter.m in Sources */,
				AB9EFE6B1B90460400201967 /* SDWebImageDecoder.m in Sources */,
				AB7A1FC41B706CAE00D77160 /* UIScrollView+MJExtension.m in Sources */,
				ABA2CECA1B7218C700D2C4A4 /* MenuTableViewController.swift in Sources */,
				ABA2CEC81B7218B100D2C4A4 /* MenuTableViewCell.swift in Sources */,
				ABA2CECE1B721FA700D2C4A4 /* ENSideMenu.swift in Sources */,
				AB9EFE6A1B90460400201967 /* SDWebImageCompat.m in Sources */,
				AB7A1FBC1B706CAE00D77160 /* MJRefreshBackGifFooter.m in Sources */,
				AB9EFE701B90460400201967 /* UIButton+WebCache.m in Sources */,
				AB7A1FB61B706CAE00D77160 /* MJRefreshComponent.m in Sources */,
				AB4A2E391B38F7050023F291 /* AppDelegate.swift in Sources */,
				AB7A1FB81B706CAE00D77160 /* MJRefreshHeader.m in Sources */,
				AB7C476F1B75D69900AF2077 /* SwiftNotice.swift in Sources */,
				ABA2CECF1B721FA700D2C4A4 /* ENSideMenuNavigationController.swift in Sources */,
				AB4A63C81B8605020040DEEA /* YXL_InforMationViewController.swift in Sources */,
				AB9EFE6C1B90460400201967 /* SDWebImageDownloader.m in Sources */,
				AB9EFE731B90460400201967 /* UIImage+WebP.m in Sources */,
				AB4A2E571B392EC40023F291 /* MainViewController.swift in Sources */,
				AB9EFE691B90460400201967 /* SDImageCache.m in Sources */,
				AB7A1FB41B706CAE00D77160 /* MJRefreshAutoFooter.m in Sources */,
				CB42190E1B8D64F700AEFCCF /* WZ_UserInformationViewController.swift .swift in Sources */,
				CAC8ECC81B8C75DC00C2B183 /* ScrollViewController.swift in Sources */,
				AB9EFE681B90460400201967 /* NSData+ImageContentType.m in Sources */,
				CB42190D1B8D64F700AEFCCF /* WZ_UserInfoEditTableViewController.swift in Sources */,
				AB9EFE711B90460400201967 /* UIImage+GIF.m in Sources */,
				AB7A1FB71B706CAE00D77160 /* MJRefreshFooter.m in Sources */,
				CA64D0541B744D0600E6786B /* rj_gnsjViewController.swift in Sources */,
				ABA2CE711B72070900D2C4A4 /* HttpCollectionData.swift in Sources */,
				ABE387FA1B7336EC0028557E /* ItemDetails.swift in Sources */,
				AB7A1FBE1B706CAE00D77160 /* MJRefreshBackStateFooter.m in Sources */,
				CB42190B1B8D64F700AEFCCF /* WZ_myWalletViewController.swift in Sources */,
				AB7A1FC31B706CAE00D77160 /* MJRefreshConst.m in Sources */,
				CACADEDF1B887426006BA7A5 /* RjTableViewCell.swift in Sources */,
			);
			runOnlyForDeploymentPostprocessing = 0;
		};
/* End PBXSourcesBuildPhase section */

/* Begin PBXTargetDependency section */
		ABBC2C601B95964900D5DAE8 /* PBXTargetDependency */ = {
			isa = PBXTargetDependency;
			name = "Alamofire iOS";
			targetProxy = ABBC2C5F1B95964900D5DAE8 /* PBXContainerItemProxy */;
		};
		ABFC19F71B930C2D00516E89 /* PBXTargetDependency */ = {
			isa = PBXTargetDependency;
			name = "SwiftyJSON iOS";
			targetProxy = ABFC19F61B930C2D00516E89 /* PBXContainerItemProxy */;
		};
		ABFC1A081B930D8900516E89 /* PBXTargetDependency */ = {
			isa = PBXTargetDependency;
			name = Pitaya;
			targetProxy = ABFC1A071B930D8900516E89 /* PBXContainerItemProxy */;
		};
/* End PBXTargetDependency section */

/* Begin PBXVariantGroup section */
		AB4A2E3C1B38F7050023F291 /* Main.storyboard */ = {
			isa = PBXVariantGroup;
			children = (
				AB4A2E3D1B38F7050023F291 /* Base */,
			);
			name = Main.storyboard;
			sourceTree = "<group>";
		};
		AB4A2E441B38F7050023F291 /* LaunchScreen.storyboard */ = {
			isa = PBXVariantGroup;
			children = (
				AB4A2E451B38F7050023F291 /* Base */,
			);
			name = LaunchScreen.storyboard;
			sourceTree = "<group>";
		};
/* End PBXVariantGroup section */

/* Begin XCBuildConfiguration section */
		AB4A2E481B38F7050023F291 /* Debug */ = {
			isa = XCBuildConfiguration;
			buildSettings = {
				ALWAYS_SEARCH_USER_PATHS = NO;
				CLANG_CXX_LANGUAGE_STANDARD = "gnu++0x";
				CLANG_CXX_LIBRARY = "libc++";
				CLANG_ENABLE_MODULES = YES;
				CLANG_ENABLE_OBJC_ARC = YES;
				CLANG_WARN_BOOL_CONVERSION = YES;
				CLANG_WARN_CONSTANT_CONVERSION = YES;
				CLANG_WARN_DIRECT_OBJC_ISA_USAGE = YES_ERROR;
				CLANG_WARN_EMPTY_BODY = YES;
				CLANG_WARN_ENUM_CONVERSION = YES;
				CLANG_WARN_INT_CONVERSION = YES;
				CLANG_WARN_OBJC_ROOT_CLASS = YES_ERROR;
				CLANG_WARN_UNREACHABLE_CODE = YES;
				CLANG_WARN__DUPLICATE_METHOD_MATCH = YES;
				"CODE_SIGN_IDENTITY[sdk=iphoneos*]" = "iPhone Developer";
				COPY_PHASE_STRIP = NO;
				DEBUG_INFORMATION_FORMAT = dwarf;
				ENABLE_STRICT_OBJC_MSGSEND = YES;
				ENABLE_TESTABILITY = YES;
				GCC_C_LANGUAGE_STANDARD = gnu99;
				GCC_DYNAMIC_NO_PIC = NO;
				GCC_NO_COMMON_BLOCKS = YES;
				GCC_OPTIMIZATION_LEVEL = 0;
				GCC_PREPROCESSOR_DEFINITIONS = (
					"DEBUG=1",
					"$(inherited)",
				);
				GCC_WARN_64_TO_32_BIT_CONVERSION = YES;
				GCC_WARN_ABOUT_RETURN_TYPE = YES_ERROR;
				GCC_WARN_UNDECLARED_SELECTOR = YES;
				GCC_WARN_UNINITIALIZED_AUTOS = YES_AGGRESSIVE;
				GCC_WARN_UNUSED_FUNCTION = YES;
				GCC_WARN_UNUSED_VARIABLE = YES;
				IPHONEOS_DEPLOYMENT_TARGET = 9.0;
				MTL_ENABLE_DEBUG_INFO = YES;
				ONLY_ACTIVE_ARCH = YES;
				SDKROOT = iphoneos;
				SWIFT_OPTIMIZATION_LEVEL = "-Onone";
			};
			name = Debug;
		};
		AB4A2E491B38F7050023F291 /* Release */ = {
			isa = XCBuildConfiguration;
			buildSettings = {
				ALWAYS_SEARCH_USER_PATHS = NO;
				CLANG_CXX_LANGUAGE_STANDARD = "gnu++0x";
				CLANG_CXX_LIBRARY = "libc++";
				CLANG_ENABLE_MODULES = YES;
				CLANG_ENABLE_OBJC_ARC = YES;
				CLANG_WARN_BOOL_CONVERSION = YES;
				CLANG_WARN_CONSTANT_CONVERSION = YES;
				CLANG_WARN_DIRECT_OBJC_ISA_USAGE = YES_ERROR;
				CLANG_WARN_EMPTY_BODY = YES;
				CLANG_WARN_ENUM_CONVERSION = YES;
				CLANG_WARN_INT_CONVERSION = YES;
				CLANG_WARN_OBJC_ROOT_CLASS = YES_ERROR;
				CLANG_WARN_UNREACHABLE_CODE = YES;
				CLANG_WARN__DUPLICATE_METHOD_MATCH = YES;
				"CODE_SIGN_IDENTITY[sdk=iphoneos*]" = "iPhone Developer";
				COPY_PHASE_STRIP = NO;
				DEBUG_INFORMATION_FORMAT = "dwarf-with-dsym";
				ENABLE_NS_ASSERTIONS = NO;
				ENABLE_STRICT_OBJC_MSGSEND = YES;
				GCC_C_LANGUAGE_STANDARD = gnu99;
				GCC_NO_COMMON_BLOCKS = YES;
				GCC_WARN_64_TO_32_BIT_CONVERSION = YES;
				GCC_WARN_ABOUT_RETURN_TYPE = YES_ERROR;
				GCC_WARN_UNDECLARED_SELECTOR = YES;
				GCC_WARN_UNINITIALIZED_AUTOS = YES_AGGRESSIVE;
				GCC_WARN_UNUSED_FUNCTION = YES;
				GCC_WARN_UNUSED_VARIABLE = YES;
				IPHONEOS_DEPLOYMENT_TARGET = 9.0;
				MTL_ENABLE_DEBUG_INFO = NO;
				SDKROOT = iphoneos;
				VALIDATE_PRODUCT = YES;
			};
			name = Release;
		};
		AB4A2E4B1B38F7050023F291 /* Debug */ = {
			isa = XCBuildConfiguration;
			buildSettings = {
				ASSETCATALOG_COMPILER_APPICON_NAME = AppIcon;
				CLANG_ENABLE_MODULES = YES;
				CODE_SIGN_IDENTITY = "iPhone Developer";
				EMBEDDED_CONTENT_CONTAINS_SWIFT = YES;
				FRAMEWORK_SEARCH_PATHS = (
					"$(inherited)",
					"$(PROJECT_DIR)/Pitaya-master/Pitaya/build/Debug-iphoneos",
				);
				INFOPLIST_FILE = Airspeed_iOS/Info.plist;
				IPHONEOS_DEPLOYMENT_TARGET = 9.0;
				LD_RUNPATH_SEARCH_PATHS = "$(inherited) @executable_path/Frameworks";
				PRODUCT_BUNDLE_IDENTIFIER = "net.dowhile.Airspeed-iOS";
				PRODUCT_NAME = SherryDo;
				SWIFT_OBJC_BRIDGING_HEADER = "Airspeed_iOS/Airspeed_iOS-Bridging-Header.h";
				SWIFT_OPTIMIZATION_LEVEL = "-Onone";
			};
			name = Debug;
		};
		AB4A2E4C1B38F7050023F291 /* Release */ = {
			isa = XCBuildConfiguration;
			buildSettings = {
				ASSETCATALOG_COMPILER_APPICON_NAME = AppIcon;
				CLANG_ENABLE_MODULES = YES;
				CODE_SIGN_IDENTITY = "iPhone Developer";
				EMBEDDED_CONTENT_CONTAINS_SWIFT = YES;
				FRAMEWORK_SEARCH_PATHS = (
					"$(inherited)",
					"$(PROJECT_DIR)/Pitaya-master/Pitaya/build/Debug-iphoneos",
				);
				INFOPLIST_FILE = Airspeed_iOS/Info.plist;
				IPHONEOS_DEPLOYMENT_TARGET = 9.0;
				LD_RUNPATH_SEARCH_PATHS = "$(inherited) @executable_path/Frameworks";
				PRODUCT_BUNDLE_IDENTIFIER = "net.dowhile.Airspeed-iOS";
				PRODUCT_NAME = SherryDo;
				SWIFT_OBJC_BRIDGING_HEADER = "Airspeed_iOS/Airspeed_iOS-Bridging-Header.h";
			};
			name = Release;
		};
/* End XCBuildConfiguration section */

/* Begin XCConfigurationList section */
		AB4A2E301B38F7050023F291 /* Build configuration list for PBXProject "Airspeed_iOS" */ = {
			isa = XCConfigurationList;
			buildConfigurations = (
				AB4A2E481B38F7050023F291 /* Debug */,
				AB4A2E491B38F7050023F291 /* Release */,
			);
			defaultConfigurationIsVisible = 0;
			defaultConfigurationName = Release;
		};
		AB4A2E4A1B38F7050023F291 /* Build configuration list for PBXNativeTarget "Airspeed_iOS" */ = {
			isa = XCConfigurationList;
			buildConfigurations = (
				AB4A2E4B1B38F7050023F291 /* Debug */,
				AB4A2E4C1B38F7050023F291 /* Release */,
			);
			defaultConfigurationIsVisible = 0;
			defaultConfigurationName = Release;
		};
/* End XCConfigurationList section */

/* Begin XCVersionGroup section */
		AB4A2E3F1B38F7050023F291 /* Airspeed_iOS.xcdatamodeld */ = {
			isa = XCVersionGroup;
			children = (
				AB4A2E401B38F7050023F291 /* Airspeed_iOS.xcdatamodel */,
			);
			currentVersion = AB4A2E401B38F7050023F291 /* Airspeed_iOS.xcdatamodel */;
			name = Airspeed_iOS.xcdatamodeld;
			path = ../Airspeed_iOS.xcdatamodeld;
			sourceTree = "<group>";
			versionGroupType = wrapper.xcdatamodel;
		};
/* End XCVersionGroup section */
	};
	rootObject = AB4A2E2D1B38F7050023F291 /* Project object */;
}
